// !$*UTF8*$!
{
	archiveVersion = 1;
	classes = {
	};
	objectVersion = 51;
	objects = {

/* Begin PBXBuildFile section */
		04E523AD32A713748AABDB8C /* Pods_uEAT.framework in Frameworks */ = {isa = PBXBuildFile; fileRef = 65EA6D5A2034D3691A75CB6E /* Pods_uEAT.framework */; };
		42A9D14E0A5CB329274C43A5 /* Pods_uEAT_uEATUITests.framework in Frameworks */ = {isa = PBXBuildFile; fileRef = F609A59DCD1C5B481F89DE01 /* Pods_uEAT_uEATUITests.framework */; };
		6A016D6C235EB34B0065D0D5 /* PhoneVeriVC.swift in Sources */ = {isa = PBXBuildFile; fileRef = 6A016D6B235EB34B0065D0D5 /* PhoneVeriVC.swift */; };
		6A016D6F235EB5C60065D0D5 /* RoundedLabel.swift in Sources */ = {isa = PBXBuildFile; fileRef = 6A016D6E235EB5C60065D0D5 /* RoundedLabel.swift */; };
		6A079B2023690D4F00B533CA /* MainAPIClient.swift in Sources */ = {isa = PBXBuildFile; fileRef = 6A079B1F23690D4F00B533CA /* MainAPIClient.swift */; };
		6A079B22236A50AB00B533CA /* Intro2VC.swift in Sources */ = {isa = PBXBuildFile; fileRef = 6A079B21236A50AB00B533CA /* Intro2VC.swift */; };
		6A079B25236A6A8A00B533CA /* Cuisine_model.swift in Sources */ = {isa = PBXBuildFile; fileRef = 6A079B24236A6A8A00B533CA /* Cuisine_model.swift */; };
		6A079B28236A910800B533CA /* cuisineCell.swift in Sources */ = {isa = PBXBuildFile; fileRef = 6A079B27236A910800B533CA /* cuisineCell.swift */; };
		6A079B2A236AA60800B533CA /* Intro3VC.swift in Sources */ = {isa = PBXBuildFile; fileRef = 6A079B29236AA60800B533CA /* Intro3VC.swift */; };
		6A0EC76D236EB5E700E70DEA /* HomePageVC.swift in Sources */ = {isa = PBXBuildFile; fileRef = 6A0EC76C236EB5E700E70DEA /* HomePageVC.swift */; };
		6A0EC770236ECBF100E70DEA /* HomeVC.swift in Sources */ = {isa = PBXBuildFile; fileRef = 6A0EC76F236ECBF100E70DEA /* HomeVC.swift */; };
		6A0EC772236ECC0100E70DEA /* ChatVC.swift in Sources */ = {isa = PBXBuildFile; fileRef = 6A0EC771236ECC0100E70DEA /* ChatVC.swift */; };
		6A0EC774236ECC1900E70DEA /* ProfileVC.swift in Sources */ = {isa = PBXBuildFile; fileRef = 6A0EC773236ECC1900E70DEA /* ProfileVC.swift */; };
		6A0EC779236FA0F800E70DEA /* order_cell.swift in Sources */ = {isa = PBXBuildFile; fileRef = 6A0EC778236FA0F800E70DEA /* order_cell.swift */; };
		6A0EC77C236FA76600E70DEA /* Recent_order_model.swift in Sources */ = {isa = PBXBuildFile; fileRef = 6A0EC77B236FA76600E70DEA /* Recent_order_model.swift */; };
		6A0EC77F2371221600E70DEA /* ProfileCell.swift in Sources */ = {isa = PBXBuildFile; fileRef = 6A0EC77E2371221600E70DEA /* ProfileCell.swift */; };
		6A0EC7862371544500E70DEA /* NotificationVC.swift in Sources */ = {isa = PBXBuildFile; fileRef = 6A0EC7852371544500E70DEA /* NotificationVC.swift */; };
		6A0EC7892371575400E70DEA /* PaymentVC.swift in Sources */ = {isa = PBXBuildFile; fileRef = 6A0EC7882371575400E70DEA /* PaymentVC.swift */; };
		6A0EC78C2371656100E70DEA /* PaymentModel.swift in Sources */ = {isa = PBXBuildFile; fileRef = 6A0EC78B2371656000E70DEA /* PaymentModel.swift */; };
		6A0EC7902371EF1200E70DEA /* PaymentCell.swift in Sources */ = {isa = PBXBuildFile; fileRef = 6A0EC78F2371EF1200E70DEA /* PaymentCell.swift */; };
		6A0EC7932371FAE200E70DEA /* addNewPaymentCell.swift in Sources */ = {isa = PBXBuildFile; fileRef = 6A0EC7922371FAE100E70DEA /* addNewPaymentCell.swift */; };
		6A15EAA523721DCC006A93D7 /* Color.swift in Sources */ = {isa = PBXBuildFile; fileRef = 6A15EAA423721DCC006A93D7 /* Color.swift */; };
		6A15EAA723721EB9006A93D7 /* Constants.swift in Sources */ = {isa = PBXBuildFile; fileRef = 6A15EAA623721EB9006A93D7 /* Constants.swift */; };
		6A15EAAC23721FC6006A93D7 /* HalfSheetPresentationControllerHeightProtocol.swift in Sources */ = {isa = PBXBuildFile; fileRef = 6A15EAAB23721FC6006A93D7 /* HalfSheetPresentationControllerHeightProtocol.swift */; };
		6A15EAAE23722005006A93D7 /* extension-UIView.swift in Sources */ = {isa = PBXBuildFile; fileRef = 6A15EAAD23722004006A93D7 /* extension-UIView.swift */; };
		6A15EAB023722581006A93D7 /* ThemeViewController.swift in Sources */ = {isa = PBXBuildFile; fileRef = 6A15EAAF23722581006A93D7 /* ThemeViewController.swift */; };
		6A15EAB2237225A4006A93D7 /* CardFieldViewController.swift in Sources */ = {isa = PBXBuildFile; fileRef = 6A15EAB1237225A3006A93D7 /* CardFieldViewController.swift */; };
		6A15EAB6237290D1006A93D7 /* addCardVC.swift in Sources */ = {isa = PBXBuildFile; fileRef = 6A15EAB5237290D1006A93D7 /* addCardVC.swift */; };
		6A197C3A239F98BF0013EDCC /* itemModel.swift in Sources */ = {isa = PBXBuildFile; fileRef = 6A197C39239F98BF0013EDCC /* itemModel.swift */; };
		6A197C3F239F9FB10013EDCC /* ItemCell.swift in Sources */ = {isa = PBXBuildFile; fileRef = 6A197C3E239F9FB10013EDCC /* ItemCell.swift */; };
		6A197C42239FAC470013EDCC /* itemDetail.swift in Sources */ = {isa = PBXBuildFile; fileRef = 6A197C41239FAC470013EDCC /* itemDetail.swift */; };
		6A1B8B842364FA6100E22CD9 /* Register_User.swift in Sources */ = {isa = PBXBuildFile; fileRef = 6A1B8B832364FA6100E22CD9 /* Register_User.swift */; };
		6A1B8B872367D45100E22CD9 /* IntroVC.swift in Sources */ = {isa = PBXBuildFile; fileRef = 6A1B8B862367D45100E22CD9 /* IntroVC.swift */; };
		6A1B8B8A2367F47600E22CD9 /* user.swift in Sources */ = {isa = PBXBuildFile; fileRef = 6A1B8B892367F47600E22CD9 /* user.swift */; };
		6A1D05B0235E58E000BEB5A2 /* PhoneVC.swift in Sources */ = {isa = PBXBuildFile; fileRef = 6A1D05AF235E58E000BEB5A2 /* PhoneVC.swift */; };
		6A1F6E58235E0A0B00EE750B /* GoogleService-Info.plist in Resources */ = {isa = PBXBuildFile; fileRef = 6A1F6E57235E0A0B00EE750B /* GoogleService-Info.plist */; };
		6A1F6E5B235E0B6A00EE750B /* avatarImgRendered.swift in Sources */ = {isa = PBXBuildFile; fileRef = 6A1F6E5A235E0B6A00EE750B /* avatarImgRendered.swift */; };
		6A1F6E5D235E0B7100EE750B /* borderAvatarView.swift in Sources */ = {isa = PBXBuildFile; fileRef = 6A1F6E5C235E0B7100EE750B /* borderAvatarView.swift */; };
		6A1F6E5F235E0B7500EE750B /* circleView.swift in Sources */ = {isa = PBXBuildFile; fileRef = 6A1F6E5E235E0B7500EE750B /* circleView.swift */; };
		6A1F6E61235E0B7900EE750B /* CommentTxtView.swift in Sources */ = {isa = PBXBuildFile; fileRef = 6A1F6E60235E0B7900EE750B /* CommentTxtView.swift */; };
		6A1F6E63235E0B7D00EE750B /* defaultCardView.swift in Sources */ = {isa = PBXBuildFile; fileRef = 6A1F6E62235E0B7D00EE750B /* defaultCardView.swift */; };
		6A1F6E65235E0B8100EE750B /* fancyBtn.swift in Sources */ = {isa = PBXBuildFile; fileRef = 6A1F6E64235E0B8100EE750B /* fancyBtn.swift */; };
		6A1F6E67235E0B8600EE750B /* modifiedChooseCarView.swift in Sources */ = {isa = PBXBuildFile; fileRef = 6A1F6E66235E0B8600EE750B /* modifiedChooseCarView.swift */; };
		6A1F6E69235E0B8A00EE750B /* ModifiedSearchBar.swift in Sources */ = {isa = PBXBuildFile; fileRef = 6A1F6E68235E0B8A00EE750B /* ModifiedSearchBar.swift */; };
		6A1F6E6B235E0B8D00EE750B /* modTxtField.swift in Sources */ = {isa = PBXBuildFile; fileRef = 6A1F6E6A235E0B8D00EE750B /* modTxtField.swift */; };
		6A1F6E6D235E0B9200EE750B /* ProfileView.swift in Sources */ = {isa = PBXBuildFile; fileRef = 6A1F6E6C235E0B9200EE750B /* ProfileView.swift */; };
		6A1F6E6F235E0B9600EE750B /* windowInfo.swift in Sources */ = {isa = PBXBuildFile; fileRef = 6A1F6E6E235E0B9600EE750B /* windowInfo.swift */; };
		6A1F6E72235E0BAA00EE750B /* SwiftLoader.swift in Sources */ = {isa = PBXBuildFile; fileRef = 6A1F6E71235E0BAA00EE750B /* SwiftLoader.swift */; };
		6A1F6E75235E0BCE00EE750B /* Constant.swift in Sources */ = {isa = PBXBuildFile; fileRef = 6A1F6E74235E0BCD00EE750B /* Constant.swift */; };
		6A27358C237B7C1B00AFD664 /* ChangePhoneVC.swift in Sources */ = {isa = PBXBuildFile; fileRef = 6A27358B237B7C1B00AFD664 /* ChangePhoneVC.swift */; };
		6A4BC7CA235A7565006332DD /* AppDelegate.swift in Sources */ = {isa = PBXBuildFile; fileRef = 6A4BC7C9235A7565006332DD /* AppDelegate.swift */; };
		6A4BC7CC235A7565006332DD /* SceneDelegate.swift in Sources */ = {isa = PBXBuildFile; fileRef = 6A4BC7CB235A7565006332DD /* SceneDelegate.swift */; };
		6A4BC7CE235A7565006332DD /* StartVC.swift in Sources */ = {isa = PBXBuildFile; fileRef = 6A4BC7CD235A7565006332DD /* StartVC.swift */; };
		6A4BC7D1235A7565006332DD /* Main.storyboard in Resources */ = {isa = PBXBuildFile; fileRef = 6A4BC7CF235A7565006332DD /* Main.storyboard */; };
		6A4BC7D3235A7566006332DD /* Assets.xcassets in Resources */ = {isa = PBXBuildFile; fileRef = 6A4BC7D2235A7566006332DD /* Assets.xcassets */; };
		6A4BC7D6235A7566006332DD /* LaunchScreen.storyboard in Resources */ = {isa = PBXBuildFile; fileRef = 6A4BC7D4235A7566006332DD /* LaunchScreen.storyboard */; };
		6A4BC7E1235A7567006332DD /* uEATTests.swift in Sources */ = {isa = PBXBuildFile; fileRef = 6A4BC7E0235A7567006332DD /* uEATTests.swift */; };
		6A4BC7EC235A7567006332DD /* uEATUITests.swift in Sources */ = {isa = PBXBuildFile; fileRef = 6A4BC7EB235A7567006332DD /* uEATUITests.swift */; };
		6A7167CC249CCD84003672BC /* MessageViewIncoming.xib in Resources */ = {isa = PBXBuildFile; fileRef = 6A7167C9249CCD84003672BC /* MessageViewIncoming.xib */; };
		6A7167CD249CCD84003672BC /* Subclasses.swift in Sources */ = {isa = PBXBuildFile; fileRef = 6A7167CA249CCD84003672BC /* Subclasses.swift */; };
		6A7167CE249CCD84003672BC /* MessageViewOutgoing.xib in Resources */ = {isa = PBXBuildFile; fileRef = 6A7167CB249CCD84003672BC /* MessageViewOutgoing.xib */; };
		6A7167D1249DC5B1003672BC /* MyOrderVC.swift in Sources */ = {isa = PBXBuildFile; fileRef = 6A7167D0249DC5B1003672BC /* MyOrderVC.swift */; };
		6A7167D4249DC968003672BC /* MyOrderCell.swift in Sources */ = {isa = PBXBuildFile; fileRef = 6A7167D3249DC968003672BC /* MyOrderCell.swift */; };
		6A7167D7249DD3D1003672BC /* OrderDetailVC.swift in Sources */ = {isa = PBXBuildFile; fileRef = 6A7167D6249DD3D1003672BC /* OrderDetailVC.swift */; };
		6A7167DA249DE1D6003672BC /* OrderDetailCell.swift in Sources */ = {isa = PBXBuildFile; fileRef = 6A7167D9249DE1D6003672BC /* OrderDetailCell.swift */; };
		6A7167DD249DE384003672BC /* OrderDetailModel.swift in Sources */ = {isa = PBXBuildFile; fileRef = 6A7167DC249DE384003672BC /* OrderDetailModel.swift */; };
		6A7167E0249DF4FC003672BC /* OrderStatusVC.swift in Sources */ = {isa = PBXBuildFile; fileRef = 6A7167DF249DF4FC003672BC /* OrderStatusVC.swift */; };
		6A71680324A461EE003672BC /* ProfileInfoVC.swift in Sources */ = {isa = PBXBuildFile; fileRef = 6A71680224A461EE003672BC /* ProfileInfoVC.swift */; };
		6A71680624A494F9003672BC /* RestaurantModel.swift in Sources */ = {isa = PBXBuildFile; fileRef = 6A71680524A494F9003672BC /* RestaurantModel.swift */; };
		6A71680924A4A668003672BC /* MenuVC.swift in Sources */ = {isa = PBXBuildFile; fileRef = 6A71680824A4A668003672BC /* MenuVC.swift */; };
		6A71680C24A4A69B003672BC /* MenuCell.swift in Sources */ = {isa = PBXBuildFile; fileRef = 6A71680B24A4A69B003672BC /* MenuCell.swift */; };
		6A71680E24A5ECD1003672BC /* PassKit.framework in Frameworks */ = {isa = PBXBuildFile; fileRef = 6A71680D24A5ECD1003672BC /* PassKit.framework */; };
		6A7DCEE72379559C00EFA939 /* LocationRequestVC.swift in Sources */ = {isa = PBXBuildFile; fileRef = 6A7DCEE62379559C00EFA939 /* LocationRequestVC.swift */; };
		6A7DCEEA237A15D000EFA939 /* SecurityVC.swift in Sources */ = {isa = PBXBuildFile; fileRef = 6A7DCEE9237A15D000EFA939 /* SecurityVC.swift */; };
		6A86C0EE23616F91006B2007 /* PersonalInfoVC.swift in Sources */ = {isa = PBXBuildFile; fileRef = 6A86C0ED23616F91006B2007 /* PersonalInfoVC.swift */; };
		6AA397C42360194A00D482D7 /* CampusVC.swift in Sources */ = {isa = PBXBuildFile; fileRef = 6AA397C32360194A00D482D7 /* CampusVC.swift */; };
		6AA397C72360210B00D482D7 /* CampusModel.swift in Sources */ = {isa = PBXBuildFile; fileRef = 6AA397C62360210B00D482D7 /* CampusModel.swift */; };
		6AA397CA2360217D00D482D7 /* DataService.swift in Sources */ = {isa = PBXBuildFile; fileRef = 6AA397C92360217D00D482D7 /* DataService.swift */; };
		6AA397CC236028AB00D482D7 /* EmailVC.swift in Sources */ = {isa = PBXBuildFile; fileRef = 6AA397CB236028AB00D482D7 /* EmailVC.swift */; };
		6AA397CE23602F1100D482D7 /* CustomLabel.swift in Sources */ = {isa = PBXBuildFile; fileRef = 6AA397CD23602F1100D482D7 /* CustomLabel.swift */; };
		6AA397D02360388100D482D7 /* EmailVerificationVC.swift in Sources */ = {isa = PBXBuildFile; fileRef = 6AA397CF2360388100D482D7 /* EmailVerificationVC.swift */; };
		6AC54EB82496E78C005AF364 /* PinterestLayout.swift in Sources */ = {isa = PBXBuildFile; fileRef = 6AC54EB72496E78C005AF364 /* PinterestLayout.swift */; };
		6AC54EBB24977B31005AF364 /* addOnCell.swift in Sources */ = {isa = PBXBuildFile; fileRef = 6AC54EBA24977B31005AF364 /* addOnCell.swift */; };
		6AC54EBE2497832B005AF364 /* CartVC.swift in Sources */ = {isa = PBXBuildFile; fileRef = 6AC54EBD2497832B005AF364 /* CartVC.swift */; };
		6AC54EC1249792A8005AF364 /* CartModel.swift in Sources */ = {isa = PBXBuildFile; fileRef = 6AC54EC0249792A8005AF364 /* CartModel.swift */; };
		6AC54EC4249793B3005AF364 /* CartCell.swift in Sources */ = {isa = PBXBuildFile; fileRef = 6AC54EC3249793B3005AF364 /* CartCell.swift */; };
		6AC54EC824980E22005AF364 /* UIView+Nib.swift in Sources */ = {isa = PBXBuildFile; fileRef = 6AC54EC724980E22005AF364 /* UIView+Nib.swift */; };
		6AC54ECA24980E32005AF364 /* UIScreen+Utils.swift in Sources */ = {isa = PBXBuildFile; fileRef = 6AC54EC924980E32005AF364 /* UIScreen+Utils.swift */; };
		6AC54ECC24980E43005AF364 /* UIColor+Utils.swift in Sources */ = {isa = PBXBuildFile; fileRef = 6AC54ECB24980E43005AF364 /* UIColor+Utils.swift */; };
		6AC54ECE24980E50005AF364 /* Object+ClassName.swift in Sources */ = {isa = PBXBuildFile; fileRef = 6AC54ECD24980E4F005AF364 /* Object+ClassName.swift */; };
		6AC54ED024980E59005AF364 /* Font.swift in Sources */ = {isa = PBXBuildFile; fileRef = 6AC54ECF24980E59005AF364 /* Font.swift */; };
		6AC54ED224980E63005AF364 /* CGRect+Utils.swift in Sources */ = {isa = PBXBuildFile; fileRef = 6AC54ED124980E63005AF364 /* CGRect+Utils.swift */; };
		6AC54ED52499321B005AF364 /* CheckOutVC.swift in Sources */ = {isa = PBXBuildFile; fileRef = 6AC54ED42499321B005AF364 /* CheckOutVC.swift */; };
		6AC54EDB249B54BE005AF364 /* ChatCell.swift in Sources */ = {isa = PBXBuildFile; fileRef = 6AC54EDA249B54BE005AF364 /* ChatCell.swift */; };
		6AC54EDD249C6219005AF364 /* ChatModel.swift in Sources */ = {isa = PBXBuildFile; fileRef = 6AC54EDC249C6219005AF364 /* ChatModel.swift */; };
		6AC54EE0249CC646005AF364 /* ChatDetailVC.swift in Sources */ = {isa = PBXBuildFile; fileRef = 6AC54EDF249CC645005AF364 /* ChatDetailVC.swift */; };
		B34C3E9958FD49D1C50AA849 /* Pods_uEATTests.framework in Frameworks */ = {isa = PBXBuildFile; fileRef = 3DDE516C0305C99C8BDC1623 /* Pods_uEATTests.framework */; };
/* End PBXBuildFile section */

/* Begin PBXContainerItemProxy section */
		6A4BC7DD235A7567006332DD /* PBXContainerItemProxy */ = {
			isa = PBXContainerItemProxy;
			containerPortal = 6A4BC7BE235A7565006332DD /* Project object */;
			proxyType = 1;
			remoteGlobalIDString = 6A4BC7C5235A7565006332DD;
			remoteInfo = uEAT;
		};
		6A4BC7E8235A7567006332DD /* PBXContainerItemProxy */ = {
			isa = PBXContainerItemProxy;
			containerPortal = 6A4BC7BE235A7565006332DD /* Project object */;
			proxyType = 1;
			remoteGlobalIDString = 6A4BC7C5235A7565006332DD;
			remoteInfo = uEAT;
		};
/* End PBXContainerItemProxy section */

/* Begin PBXFileReference section */
		0D5BEF3324C786BEDB01705F /* Pods-uEATTests.debug.xcconfig */ = {isa = PBXFileReference; includeInIndex = 1; lastKnownFileType = text.xcconfig; name = "Pods-uEATTests.debug.xcconfig"; path = "Target Support Files/Pods-uEATTests/Pods-uEATTests.debug.xcconfig"; sourceTree = "<group>"; };
		379258CF85394AEA73995AB5 /* Pods-uEAT.release.xcconfig */ = {isa = PBXFileReference; includeInIndex = 1; lastKnownFileType = text.xcconfig; name = "Pods-uEAT.release.xcconfig"; path = "Target Support Files/Pods-uEAT/Pods-uEAT.release.xcconfig"; sourceTree = "<group>"; };
		3DDE516C0305C99C8BDC1623 /* Pods_uEATTests.framework */ = {isa = PBXFileReference; explicitFileType = wrapper.framework; includeInIndex = 0; path = Pods_uEATTests.framework; sourceTree = BUILT_PRODUCTS_DIR; };
		65EA6D5A2034D3691A75CB6E /* Pods_uEAT.framework */ = {isa = PBXFileReference; explicitFileType = wrapper.framework; includeInIndex = 0; path = Pods_uEAT.framework; sourceTree = BUILT_PRODUCTS_DIR; };
		6A016D6B235EB34B0065D0D5 /* PhoneVeriVC.swift */ = {isa = PBXFileReference; lastKnownFileType = sourcecode.swift; path = PhoneVeriVC.swift; sourceTree = "<group>"; };
		6A016D6E235EB5C60065D0D5 /* RoundedLabel.swift */ = {isa = PBXFileReference; lastKnownFileType = sourcecode.swift; path = RoundedLabel.swift; sourceTree = "<group>"; };
		6A079B1F23690D4F00B533CA /* MainAPIClient.swift */ = {isa = PBXFileReference; lastKnownFileType = sourcecode.swift; path = MainAPIClient.swift; sourceTree = "<group>"; };
		6A079B21236A50AB00B533CA /* Intro2VC.swift */ = {isa = PBXFileReference; lastKnownFileType = sourcecode.swift; path = Intro2VC.swift; sourceTree = "<group>"; };
		6A079B24236A6A8A00B533CA /* Cuisine_model.swift */ = {isa = PBXFileReference; lastKnownFileType = sourcecode.swift; path = Cuisine_model.swift; sourceTree = "<group>"; };
		6A079B27236A910800B533CA /* cuisineCell.swift */ = {isa = PBXFileReference; lastKnownFileType = sourcecode.swift; path = cuisineCell.swift; sourceTree = "<group>"; };
		6A079B29236AA60800B533CA /* Intro3VC.swift */ = {isa = PBXFileReference; lastKnownFileType = sourcecode.swift; path = Intro3VC.swift; sourceTree = "<group>"; };
		6A0EC76C236EB5E700E70DEA /* HomePageVC.swift */ = {isa = PBXFileReference; lastKnownFileType = sourcecode.swift; path = HomePageVC.swift; sourceTree = "<group>"; };
		6A0EC76F236ECBF100E70DEA /* HomeVC.swift */ = {isa = PBXFileReference; lastKnownFileType = sourcecode.swift; name = HomeVC.swift; path = "../New Group1/HomeVC.swift"; sourceTree = "<group>"; };
		6A0EC771236ECC0100E70DEA /* ChatVC.swift */ = {isa = PBXFileReference; lastKnownFileType = sourcecode.swift; path = ChatVC.swift; sourceTree = "<group>"; };
		6A0EC773236ECC1900E70DEA /* ProfileVC.swift */ = {isa = PBXFileReference; lastKnownFileType = sourcecode.swift; path = ProfileVC.swift; sourceTree = "<group>"; };
		6A0EC778236FA0F800E70DEA /* order_cell.swift */ = {isa = PBXFileReference; lastKnownFileType = sourcecode.swift; path = order_cell.swift; sourceTree = "<group>"; };
		6A0EC77B236FA76600E70DEA /* Recent_order_model.swift */ = {isa = PBXFileReference; lastKnownFileType = sourcecode.swift; path = Recent_order_model.swift; sourceTree = "<group>"; };
		6A0EC77E2371221600E70DEA /* ProfileCell.swift */ = {isa = PBXFileReference; lastKnownFileType = sourcecode.swift; path = ProfileCell.swift; sourceTree = "<group>"; };
		6A0EC7852371544500E70DEA /* NotificationVC.swift */ = {isa = PBXFileReference; lastKnownFileType = sourcecode.swift; path = NotificationVC.swift; sourceTree = "<group>"; };
		6A0EC7882371575400E70DEA /* PaymentVC.swift */ = {isa = PBXFileReference; lastKnownFileType = sourcecode.swift; path = PaymentVC.swift; sourceTree = "<group>"; };
		6A0EC78B2371656000E70DEA /* PaymentModel.swift */ = {isa = PBXFileReference; lastKnownFileType = sourcecode.swift; name = PaymentModel.swift; path = uEAT/HomePage/MainVC/Profile/Payment/PaymentModel.swift; sourceTree = SOURCE_ROOT; };
		6A0EC78D237169C100E70DEA /* uEAT.entitlements */ = {isa = PBXFileReference; lastKnownFileType = text.plist.entitlements; path = uEAT.entitlements; sourceTree = "<group>"; };
		6A0EC78F2371EF1200E70DEA /* PaymentCell.swift */ = {isa = PBXFileReference; lastKnownFileType = sourcecode.swift; path = PaymentCell.swift; sourceTree = "<group>"; };
		6A0EC7922371FAE100E70DEA /* addNewPaymentCell.swift */ = {isa = PBXFileReference; lastKnownFileType = sourcecode.swift; path = addNewPaymentCell.swift; sourceTree = "<group>"; };
		6A15EAA423721DCC006A93D7 /* Color.swift */ = {isa = PBXFileReference; lastKnownFileType = sourcecode.swift; path = Color.swift; sourceTree = "<group>"; };
		6A15EAA623721EB9006A93D7 /* Constants.swift */ = {isa = PBXFileReference; lastKnownFileType = sourcecode.swift; path = Constants.swift; sourceTree = "<group>"; };
		6A15EAAB23721FC6006A93D7 /* HalfSheetPresentationControllerHeightProtocol.swift */ = {isa = PBXFileReference; fileEncoding = 4; lastKnownFileType = sourcecode.swift; path = HalfSheetPresentationControllerHeightProtocol.swift; sourceTree = "<group>"; };
		6A15EAAD23722004006A93D7 /* extension-UIView.swift */ = {isa = PBXFileReference; fileEncoding = 4; lastKnownFileType = sourcecode.swift; path = "extension-UIView.swift"; sourceTree = "<group>"; };
		6A15EAAF23722581006A93D7 /* ThemeViewController.swift */ = {isa = PBXFileReference; fileEncoding = 4; lastKnownFileType = sourcecode.swift; path = ThemeViewController.swift; sourceTree = "<group>"; };
		6A15EAB1237225A3006A93D7 /* CardFieldViewController.swift */ = {isa = PBXFileReference; fileEncoding = 4; lastKnownFileType = sourcecode.swift; path = CardFieldViewController.swift; sourceTree = "<group>"; };
		6A15EAB5237290D1006A93D7 /* addCardVC.swift */ = {isa = PBXFileReference; lastKnownFileType = sourcecode.swift; path = addCardVC.swift; sourceTree = "<group>"; };
		6A197C39239F98BF0013EDCC /* itemModel.swift */ = {isa = PBXFileReference; lastKnownFileType = sourcecode.swift; path = itemModel.swift; sourceTree = "<group>"; };
		6A197C3E239F9FB10013EDCC /* ItemCell.swift */ = {isa = PBXFileReference; lastKnownFileType = sourcecode.swift; path = ItemCell.swift; sourceTree = "<group>"; };
		6A197C41239FAC470013EDCC /* itemDetail.swift */ = {isa = PBXFileReference; lastKnownFileType = sourcecode.swift; path = itemDetail.swift; sourceTree = "<group>"; };
		6A1B8B832364FA6100E22CD9 /* Register_User.swift */ = {isa = PBXFileReference; lastKnownFileType = sourcecode.swift; path = Register_User.swift; sourceTree = "<group>"; };
		6A1B8B862367D45100E22CD9 /* IntroVC.swift */ = {isa = PBXFileReference; lastKnownFileType = sourcecode.swift; path = IntroVC.swift; sourceTree = "<group>"; };
		6A1B8B892367F47600E22CD9 /* user.swift */ = {isa = PBXFileReference; lastKnownFileType = sourcecode.swift; path = user.swift; sourceTree = "<group>"; };
		6A1D05AF235E58E000BEB5A2 /* PhoneVC.swift */ = {isa = PBXFileReference; lastKnownFileType = sourcecode.swift; path = PhoneVC.swift; sourceTree = "<group>"; };
		6A1F6E57235E0A0B00EE750B /* GoogleService-Info.plist */ = {isa = PBXFileReference; fileEncoding = 4; lastKnownFileType = text.plist.xml; path = "GoogleService-Info.plist"; sourceTree = "<group>"; };
		6A1F6E5A235E0B6A00EE750B /* avatarImgRendered.swift */ = {isa = PBXFileReference; fileEncoding = 4; lastKnownFileType = sourcecode.swift; path = avatarImgRendered.swift; sourceTree = "<group>"; };
		6A1F6E5C235E0B7100EE750B /* borderAvatarView.swift */ = {isa = PBXFileReference; fileEncoding = 4; lastKnownFileType = sourcecode.swift; path = borderAvatarView.swift; sourceTree = "<group>"; };
		6A1F6E5E235E0B7500EE750B /* circleView.swift */ = {isa = PBXFileReference; fileEncoding = 4; lastKnownFileType = sourcecode.swift; path = circleView.swift; sourceTree = "<group>"; };
		6A1F6E60235E0B7900EE750B /* CommentTxtView.swift */ = {isa = PBXFileReference; fileEncoding = 4; lastKnownFileType = sourcecode.swift; path = CommentTxtView.swift; sourceTree = "<group>"; };
		6A1F6E62235E0B7D00EE750B /* defaultCardView.swift */ = {isa = PBXFileReference; fileEncoding = 4; lastKnownFileType = sourcecode.swift; path = defaultCardView.swift; sourceTree = "<group>"; };
		6A1F6E64235E0B8100EE750B /* fancyBtn.swift */ = {isa = PBXFileReference; fileEncoding = 4; lastKnownFileType = sourcecode.swift; path = fancyBtn.swift; sourceTree = "<group>"; };
		6A1F6E66235E0B8600EE750B /* modifiedChooseCarView.swift */ = {isa = PBXFileReference; fileEncoding = 4; lastKnownFileType = sourcecode.swift; path = modifiedChooseCarView.swift; sourceTree = "<group>"; };
		6A1F6E68235E0B8A00EE750B /* ModifiedSearchBar.swift */ = {isa = PBXFileReference; fileEncoding = 4; lastKnownFileType = sourcecode.swift; path = ModifiedSearchBar.swift; sourceTree = "<group>"; };
		6A1F6E6A235E0B8D00EE750B /* modTxtField.swift */ = {isa = PBXFileReference; fileEncoding = 4; lastKnownFileType = sourcecode.swift; path = modTxtField.swift; sourceTree = "<group>"; };
		6A1F6E6C235E0B9200EE750B /* ProfileView.swift */ = {isa = PBXFileReference; fileEncoding = 4; lastKnownFileType = sourcecode.swift; path = ProfileView.swift; sourceTree = "<group>"; };
		6A1F6E6E235E0B9600EE750B /* windowInfo.swift */ = {isa = PBXFileReference; fileEncoding = 4; lastKnownFileType = sourcecode.swift; path = windowInfo.swift; sourceTree = "<group>"; };
		6A1F6E71235E0BAA00EE750B /* SwiftLoader.swift */ = {isa = PBXFileReference; fileEncoding = 4; lastKnownFileType = sourcecode.swift; path = SwiftLoader.swift; sourceTree = "<group>"; };
		6A1F6E74235E0BCD00EE750B /* Constant.swift */ = {isa = PBXFileReference; fileEncoding = 4; lastKnownFileType = sourcecode.swift; path = Constant.swift; sourceTree = "<group>"; };
		6A27358B237B7C1B00AFD664 /* ChangePhoneVC.swift */ = {isa = PBXFileReference; lastKnownFileType = sourcecode.swift; path = ChangePhoneVC.swift; sourceTree = "<group>"; };
		6A4BC7C6235A7565006332DD /* uEAT.app */ = {isa = PBXFileReference; explicitFileType = wrapper.application; includeInIndex = 0; path = uEAT.app; sourceTree = BUILT_PRODUCTS_DIR; };
		6A4BC7C9235A7565006332DD /* AppDelegate.swift */ = {isa = PBXFileReference; lastKnownFileType = sourcecode.swift; path = AppDelegate.swift; sourceTree = "<group>"; };
		6A4BC7CB235A7565006332DD /* SceneDelegate.swift */ = {isa = PBXFileReference; lastKnownFileType = sourcecode.swift; path = SceneDelegate.swift; sourceTree = "<group>"; };
		6A4BC7CD235A7565006332DD /* StartVC.swift */ = {isa = PBXFileReference; lastKnownFileType = sourcecode.swift; path = StartVC.swift; sourceTree = "<group>"; };
		6A4BC7D0235A7565006332DD /* Base */ = {isa = PBXFileReference; lastKnownFileType = file.storyboard; name = Base; path = Base.lproj/Main.storyboard; sourceTree = "<group>"; };
		6A4BC7D2235A7566006332DD /* Assets.xcassets */ = {isa = PBXFileReference; lastKnownFileType = folder.assetcatalog; path = Assets.xcassets; sourceTree = "<group>"; };
		6A4BC7D5235A7566006332DD /* Base */ = {isa = PBXFileReference; lastKnownFileType = file.storyboard; name = Base; path = Base.lproj/LaunchScreen.storyboard; sourceTree = "<group>"; };
		6A4BC7D7235A7566006332DD /* Info.plist */ = {isa = PBXFileReference; lastKnownFileType = text.plist.xml; path = Info.plist; sourceTree = "<group>"; };
		6A4BC7DC235A7567006332DD /* uEATTests.xctest */ = {isa = PBXFileReference; explicitFileType = wrapper.cfbundle; includeInIndex = 0; path = uEATTests.xctest; sourceTree = BUILT_PRODUCTS_DIR; };
		6A4BC7E0235A7567006332DD /* uEATTests.swift */ = {isa = PBXFileReference; lastKnownFileType = sourcecode.swift; path = uEATTests.swift; sourceTree = "<group>"; };
		6A4BC7E2235A7567006332DD /* Info.plist */ = {isa = PBXFileReference; lastKnownFileType = text.plist.xml; path = Info.plist; sourceTree = "<group>"; };
		6A4BC7E7235A7567006332DD /* uEATUITests.xctest */ = {isa = PBXFileReference; explicitFileType = wrapper.cfbundle; includeInIndex = 0; path = uEATUITests.xctest; sourceTree = BUILT_PRODUCTS_DIR; };
		6A4BC7EB235A7567006332DD /* uEATUITests.swift */ = {isa = PBXFileReference; lastKnownFileType = sourcecode.swift; path = uEATUITests.swift; sourceTree = "<group>"; };
		6A4BC7ED235A7567006332DD /* Info.plist */ = {isa = PBXFileReference; lastKnownFileType = text.plist.xml; path = Info.plist; sourceTree = "<group>"; };
		6A7167C9249CCD84003672BC /* MessageViewIncoming.xib */ = {isa = PBXFileReference; fileEncoding = 4; lastKnownFileType = file.xib; path = MessageViewIncoming.xib; sourceTree = "<group>"; };
		6A7167CA249CCD84003672BC /* Subclasses.swift */ = {isa = PBXFileReference; fileEncoding = 4; lastKnownFileType = sourcecode.swift; path = Subclasses.swift; sourceTree = "<group>"; };
		6A7167CB249CCD84003672BC /* MessageViewOutgoing.xib */ = {isa = PBXFileReference; fileEncoding = 4; lastKnownFileType = file.xib; path = MessageViewOutgoing.xib; sourceTree = "<group>"; };
		6A7167D0249DC5B1003672BC /* MyOrderVC.swift */ = {isa = PBXFileReference; lastKnownFileType = sourcecode.swift; path = MyOrderVC.swift; sourceTree = "<group>"; };
		6A7167D3249DC968003672BC /* MyOrderCell.swift */ = {isa = PBXFileReference; lastKnownFileType = sourcecode.swift; path = MyOrderCell.swift; sourceTree = "<group>"; };
		6A7167D6249DD3D1003672BC /* OrderDetailVC.swift */ = {isa = PBXFileReference; lastKnownFileType = sourcecode.swift; path = OrderDetailVC.swift; sourceTree = "<group>"; };
		6A7167D9249DE1D6003672BC /* OrderDetailCell.swift */ = {isa = PBXFileReference; lastKnownFileType = sourcecode.swift; path = OrderDetailCell.swift; sourceTree = "<group>"; };
		6A7167DC249DE384003672BC /* OrderDetailModel.swift */ = {isa = PBXFileReference; lastKnownFileType = sourcecode.swift; path = OrderDetailModel.swift; sourceTree = "<group>"; };
		6A7167DF249DF4FC003672BC /* OrderStatusVC.swift */ = {isa = PBXFileReference; lastKnownFileType = sourcecode.swift; path = OrderStatusVC.swift; sourceTree = "<group>"; };
		6A71680224A461EE003672BC /* ProfileInfoVC.swift */ = {isa = PBXFileReference; lastKnownFileType = sourcecode.swift; path = ProfileInfoVC.swift; sourceTree = "<group>"; };
		6A71680524A494F9003672BC /* RestaurantModel.swift */ = {isa = PBXFileReference; lastKnownFileType = sourcecode.swift; path = RestaurantModel.swift; sourceTree = "<group>"; };
		6A71680824A4A668003672BC /* MenuVC.swift */ = {isa = PBXFileReference; lastKnownFileType = sourcecode.swift; path = MenuVC.swift; sourceTree = "<group>"; };
		6A71680B24A4A69B003672BC /* MenuCell.swift */ = {isa = PBXFileReference; lastKnownFileType = sourcecode.swift; path = MenuCell.swift; sourceTree = "<group>"; };
		6A71680D24A5ECD1003672BC /* PassKit.framework */ = {isa = PBXFileReference; lastKnownFileType = wrapper.framework; name = PassKit.framework; path = System/Library/Frameworks/PassKit.framework; sourceTree = SDKROOT; };
		6A7DCEE62379559C00EFA939 /* LocationRequestVC.swift */ = {isa = PBXFileReference; lastKnownFileType = sourcecode.swift; path = LocationRequestVC.swift; sourceTree = "<group>"; };
		6A7DCEE9237A15D000EFA939 /* SecurityVC.swift */ = {isa = PBXFileReference; lastKnownFileType = sourcecode.swift; path = SecurityVC.swift; sourceTree = "<group>"; };
		6A86C0ED23616F91006B2007 /* PersonalInfoVC.swift */ = {isa = PBXFileReference; lastKnownFileType = sourcecode.swift; path = PersonalInfoVC.swift; sourceTree = "<group>"; };
		6AA397C32360194A00D482D7 /* CampusVC.swift */ = {isa = PBXFileReference; lastKnownFileType = sourcecode.swift; path = CampusVC.swift; sourceTree = "<group>"; };
		6AA397C62360210B00D482D7 /* CampusModel.swift */ = {isa = PBXFileReference; lastKnownFileType = sourcecode.swift; path = CampusModel.swift; sourceTree = "<group>"; };
		6AA397C92360217D00D482D7 /* DataService.swift */ = {isa = PBXFileReference; lastKnownFileType = sourcecode.swift; path = DataService.swift; sourceTree = "<group>"; };
		6AA397CB236028AB00D482D7 /* EmailVC.swift */ = {isa = PBXFileReference; lastKnownFileType = sourcecode.swift; path = EmailVC.swift; sourceTree = "<group>"; };
		6AA397CD23602F1100D482D7 /* CustomLabel.swift */ = {isa = PBXFileReference; lastKnownFileType = sourcecode.swift; path = CustomLabel.swift; sourceTree = "<group>"; };
		6AA397CF2360388100D482D7 /* EmailVerificationVC.swift */ = {isa = PBXFileReference; lastKnownFileType = sourcecode.swift; path = EmailVerificationVC.swift; sourceTree = "<group>"; };
		6AC54EB72496E78C005AF364 /* PinterestLayout.swift */ = {isa = PBXFileReference; lastKnownFileType = sourcecode.swift; path = PinterestLayout.swift; sourceTree = "<group>"; };
		6AC54EBA24977B31005AF364 /* addOnCell.swift */ = {isa = PBXFileReference; lastKnownFileType = sourcecode.swift; path = addOnCell.swift; sourceTree = "<group>"; };
		6AC54EBD2497832B005AF364 /* CartVC.swift */ = {isa = PBXFileReference; lastKnownFileType = sourcecode.swift; path = CartVC.swift; sourceTree = "<group>"; };
		6AC54EC0249792A8005AF364 /* CartModel.swift */ = {isa = PBXFileReference; lastKnownFileType = sourcecode.swift; path = CartModel.swift; sourceTree = "<group>"; };
		6AC54EC3249793B3005AF364 /* CartCell.swift */ = {isa = PBXFileReference; lastKnownFileType = sourcecode.swift; name = CartCell.swift; path = uEAT/HomePage/MainVC/Cart/CartCell.swift; sourceTree = SOURCE_ROOT; };
		6AC54EC724980E22005AF364 /* UIView+Nib.swift */ = {isa = PBXFileReference; fileEncoding = 4; lastKnownFileType = sourcecode.swift; path = "UIView+Nib.swift"; sourceTree = "<group>"; };
		6AC54EC924980E32005AF364 /* UIScreen+Utils.swift */ = {isa = PBXFileReference; fileEncoding = 4; lastKnownFileType = sourcecode.swift; path = "UIScreen+Utils.swift"; sourceTree = "<group>"; };
		6AC54ECB24980E43005AF364 /* UIColor+Utils.swift */ = {isa = PBXFileReference; fileEncoding = 4; lastKnownFileType = sourcecode.swift; path = "UIColor+Utils.swift"; sourceTree = "<group>"; };
		6AC54ECD24980E4F005AF364 /* Object+ClassName.swift */ = {isa = PBXFileReference; fileEncoding = 4; lastKnownFileType = sourcecode.swift; path = "Object+ClassName.swift"; sourceTree = "<group>"; };
		6AC54ECF24980E59005AF364 /* Font.swift */ = {isa = PBXFileReference; fileEncoding = 4; lastKnownFileType = sourcecode.swift; path = Font.swift; sourceTree = "<group>"; };
		6AC54ED124980E63005AF364 /* CGRect+Utils.swift */ = {isa = PBXFileReference; fileEncoding = 4; lastKnownFileType = sourcecode.swift; path = "CGRect+Utils.swift"; sourceTree = "<group>"; };
		6AC54ED42499321B005AF364 /* CheckOutVC.swift */ = {isa = PBXFileReference; lastKnownFileType = sourcecode.swift; path = CheckOutVC.swift; sourceTree = "<group>"; };
		6AC54EDA249B54BE005AF364 /* ChatCell.swift */ = {isa = PBXFileReference; lastKnownFileType = sourcecode.swift; path = ChatCell.swift; sourceTree = "<group>"; };
		6AC54EDC249C6219005AF364 /* ChatModel.swift */ = {isa = PBXFileReference; lastKnownFileType = sourcecode.swift; path = ChatModel.swift; sourceTree = "<group>"; };
		6AC54EDF249CC645005AF364 /* ChatDetailVC.swift */ = {isa = PBXFileReference; lastKnownFileType = sourcecode.swift; path = ChatDetailVC.swift; sourceTree = "<group>"; };
		7C4622C22A5A0ED679A983CF /* Pods-uEAT.debug.xcconfig */ = {isa = PBXFileReference; includeInIndex = 1; lastKnownFileType = text.xcconfig; name = "Pods-uEAT.debug.xcconfig"; path = "Target Support Files/Pods-uEAT/Pods-uEAT.debug.xcconfig"; sourceTree = "<group>"; };
		8D1368859026A11BC1D4FFEC /* Pods-uEAT-uEATUITests.release.xcconfig */ = {isa = PBXFileReference; includeInIndex = 1; lastKnownFileType = text.xcconfig; name = "Pods-uEAT-uEATUITests.release.xcconfig"; path = "Target Support Files/Pods-uEAT-uEATUITests/Pods-uEAT-uEATUITests.release.xcconfig"; sourceTree = "<group>"; };
		8EC96E0F663F4D91492CFDA7 /* Pods-uEAT-uEATUITests.debug.xcconfig */ = {isa = PBXFileReference; includeInIndex = 1; lastKnownFileType = text.xcconfig; name = "Pods-uEAT-uEATUITests.debug.xcconfig"; path = "Target Support Files/Pods-uEAT-uEATUITests/Pods-uEAT-uEATUITests.debug.xcconfig"; sourceTree = "<group>"; };
		CB89B8FD9EB692F1002C23F3 /* Pods-uEATTests.release.xcconfig */ = {isa = PBXFileReference; includeInIndex = 1; lastKnownFileType = text.xcconfig; name = "Pods-uEATTests.release.xcconfig"; path = "Target Support Files/Pods-uEATTests/Pods-uEATTests.release.xcconfig"; sourceTree = "<group>"; };
		F609A59DCD1C5B481F89DE01 /* Pods_uEAT_uEATUITests.framework */ = {isa = PBXFileReference; explicitFileType = wrapper.framework; includeInIndex = 0; path = Pods_uEAT_uEATUITests.framework; sourceTree = BUILT_PRODUCTS_DIR; };
/* End PBXFileReference section */

/* Begin PBXFrameworksBuildPhase section */
		6A4BC7C3235A7565006332DD /* Frameworks */ = {
			isa = PBXFrameworksBuildPhase;
			buildActionMask = 2147483647;
			files = (
				6A71680E24A5ECD1003672BC /* PassKit.framework in Frameworks */,
				04E523AD32A713748AABDB8C /* Pods_uEAT.framework in Frameworks */,
			);
			runOnlyForDeploymentPostprocessing = 0;
		};
		6A4BC7D9235A7567006332DD /* Frameworks */ = {
			isa = PBXFrameworksBuildPhase;
			buildActionMask = 2147483647;
			files = (
				B34C3E9958FD49D1C50AA849 /* Pods_uEATTests.framework in Frameworks */,
			);
			runOnlyForDeploymentPostprocessing = 0;
		};
		6A4BC7E4235A7567006332DD /* Frameworks */ = {
			isa = PBXFrameworksBuildPhase;
			buildActionMask = 2147483647;
			files = (
				42A9D14E0A5CB329274C43A5 /* Pods_uEAT_uEATUITests.framework in Frameworks */,
			);
			runOnlyForDeploymentPostprocessing = 0;
		};
/* End PBXFrameworksBuildPhase section */

/* Begin PBXGroup section */
		6A016D6D235EB3560065D0D5 /* Storyboard */ = {
			isa = PBXGroup;
			children = (
				6A4BC7CF235A7565006332DD /* Main.storyboard */,
				6A4BC7D4235A7566006332DD /* LaunchScreen.storyboard */,
			);
			path = Storyboard;
			sourceTree = "<group>";
		};
		6A079B1E23690D3000B533CA /* Utils */ = {
			isa = PBXGroup;
			children = (
				6AC54ECB24980E43005AF364 /* UIColor+Utils.swift */,
				6AC54ECF24980E59005AF364 /* Font.swift */,
				6AC54EC724980E22005AF364 /* UIView+Nib.swift */,
				6AC54EC924980E32005AF364 /* UIScreen+Utils.swift */,
				6AC54ECD24980E4F005AF364 /* Object+ClassName.swift */,
				6AC54ED124980E63005AF364 /* CGRect+Utils.swift */,
				6A079B1F23690D4F00B533CA /* MainAPIClient.swift */,
			);
			path = Utils;
			sourceTree = "<group>";
		};
		6A079B23236A6A6A00B533CA /* Cuisine Model */ = {
			isa = PBXGroup;
			children = (
				6A079B24236A6A8A00B533CA /* Cuisine_model.swift */,
			);
			path = "Cuisine Model";
			sourceTree = "<group>";
		};
		6A079B26236A90EE00B533CA /* CuisineCell */ = {
			isa = PBXGroup;
			children = (
				6A079B27236A910800B533CA /* cuisineCell.swift */,
			);
			path = CuisineCell;
			sourceTree = "<group>";
		};
		6A0EC76E236ECBC300E70DEA /* MainVC */ = {
			isa = PBXGroup;
			children = (
				6A7167CF249DC59B003672BC /* MyOrderVC */,
				6AC54ED3249931FE005AF364 /* CheckOut */,
				6AC54EBC24978314005AF364 /* Cart */,
				6A0EC76C236EB5E700E70DEA /* HomePageVC.swift */,
				6A0EC782237152DB00E70DEA /* Chat */,
				6A0EC781237152B200E70DEA /* Home */,
				6A0EC780237152A200E70DEA /* Profile */,
			);
			path = MainVC;
			sourceTree = "<group>";
		};
		6A0EC777236FA0DC00E70DEA /* HomePageCell */ = {
			isa = PBXGroup;
			children = (
				6A0EC778236FA0F800E70DEA /* order_cell.swift */,
				6A197C3E239F9FB10013EDCC /* ItemCell.swift */,
			);
			path = HomePageCell;
			sourceTree = "<group>";
		};
		6A0EC77A236FA74E00E70DEA /* Recent_order_model */ = {
			isa = PBXGroup;
			children = (
				6A0EC77B236FA76600E70DEA /* Recent_order_model.swift */,
			);
			path = Recent_order_model;
			sourceTree = "<group>";
		};
		6A0EC77D237121F200E70DEA /* ProfileCell */ = {
			isa = PBXGroup;
			children = (
				6A0EC77E2371221600E70DEA /* ProfileCell.swift */,
			);
			name = ProfileCell;
			path = "../New Group/ProfileCell";
			sourceTree = "<group>";
		};
		6A0EC780237152A200E70DEA /* Profile */ = {
			isa = PBXGroup;
			children = (
				6A71680124A461D4003672BC /* Profile Info */,
				6A7DCEE8237A15BF00EFA939 /* SecurityVC */,
				6A15EAB323722F99006A93D7 /* Profile */,
				6A0EC7872371573800E70DEA /* Payment */,
				6A0EC7842371542A00E70DEA /* Notification */,
			);
			path = Profile;
			sourceTree = "<group>";
		};
		6A0EC781237152B200E70DEA /* Home */ = {
			isa = PBXGroup;
			children = (
				6A71680724A4A657003672BC /* Menu */,
				6A71680424A494DC003672BC /* RestaurantModel */,
				6AC54EB924977B13005AF364 /* Add_on Cell */,
				6A197C40239FAC300013EDCC /* Detail */,
				6A0EC77A236FA74E00E70DEA /* Recent_order_model */,
				6A0EC777236FA0DC00E70DEA /* HomePageCell */,
				6A0EC76F236ECBF100E70DEA /* HomeVC.swift */,
			);
			path = Home;
			sourceTree = "<group>";
		};
		6A0EC782237152DB00E70DEA /* Chat */ = {
			isa = PBXGroup;
			children = (
				6AC54EDE249CC625005AF364 /* ChatDetailVC */,
				6AC54ED9249B5396005AF364 /* ChatCell */,
				6AC54ED8249B50DB005AF364 /* ChatModel */,
				6A0EC771236ECC0100E70DEA /* ChatVC.swift */,
			);
			path = Chat;
			sourceTree = "<group>";
		};
		6A0EC7842371542A00E70DEA /* Notification */ = {
			isa = PBXGroup;
			children = (
				6A0EC7852371544500E70DEA /* NotificationVC.swift */,
			);
			path = Notification;
			sourceTree = "<group>";
		};
		6A0EC7872371573800E70DEA /* Payment */ = {
			isa = PBXGroup;
			children = (
				6A15EAB4237290B2006A93D7 /* addCardVC */,
				6A0EC7912371FAC900E70DEA /* AddNewPaymentCell */,
				6A0EC78E2371EEF500E70DEA /* Payment Cell */,
				6A0EC78A2371654F00E70DEA /* PaymentModel */,
				6A0EC7882371575400E70DEA /* PaymentVC.swift */,
			);
			path = Payment;
			sourceTree = "<group>";
		};
		6A0EC78A2371654F00E70DEA /* PaymentModel */ = {
			isa = PBXGroup;
			children = (
				6A0EC78B2371656000E70DEA /* PaymentModel.swift */,
			);
			path = PaymentModel;
			sourceTree = "<group>";
		};
		6A0EC78E2371EEF500E70DEA /* Payment Cell */ = {
			isa = PBXGroup;
			children = (
				6A0EC78F2371EF1200E70DEA /* PaymentCell.swift */,
			);
			path = "Payment Cell";
			sourceTree = "<group>";
		};
		6A0EC7912371FAC900E70DEA /* AddNewPaymentCell */ = {
			isa = PBXGroup;
			children = (
				6A0EC7922371FAE100E70DEA /* addNewPaymentCell.swift */,
			);
			path = AddNewPaymentCell;
			sourceTree = "<group>";
		};
		6A15EAA823721F9E006A93D7 /* Animations */ = {
			isa = PBXGroup;
			children = (
				6A15EAAF23722581006A93D7 /* ThemeViewController.swift */,
				6A15EAB1237225A3006A93D7 /* CardFieldViewController.swift */,
				6A15EAAD23722004006A93D7 /* extension-UIView.swift */,
				6A15EAAB23721FC6006A93D7 /* HalfSheetPresentationControllerHeightProtocol.swift */,
			);
			path = Animations;
			sourceTree = "<group>";
		};
		6A15EAB323722F99006A93D7 /* Profile */ = {
			isa = PBXGroup;
			children = (
				6A0EC773236ECC1900E70DEA /* ProfileVC.swift */,
				6A0EC77D237121F200E70DEA /* ProfileCell */,
			);
			path = Profile;
			sourceTree = "<group>";
		};
		6A15EAB4237290B2006A93D7 /* addCardVC */ = {
			isa = PBXGroup;
			children = (
				6A15EAB5237290D1006A93D7 /* addCardVC.swift */,
			);
			path = addCardVC;
			sourceTree = "<group>";
		};
		6A197C38239F989A0013EDCC /* ItemModel */ = {
			isa = PBXGroup;
			children = (
				6A197C39239F98BF0013EDCC /* itemModel.swift */,
			);
			path = ItemModel;
			sourceTree = "<group>";
		};
		6A197C3B239F9E110013EDCC /* Layouts */ = {
			isa = PBXGroup;
			children = (
				6AC54EB72496E78C005AF364 /* PinterestLayout.swift */,
			);
			path = Layouts;
			sourceTree = "<group>";
		};
		6A197C40239FAC300013EDCC /* Detail */ = {
			isa = PBXGroup;
			children = (
				6A197C41239FAC470013EDCC /* itemDetail.swift */,
			);
			path = Detail;
			sourceTree = "<group>";
		};
		6A1B8B822364FA4700E22CD9 /* User_model */ = {
			isa = PBXGroup;
			children = (
				6A1B8B832364FA6100E22CD9 /* Register_User.swift */,
			);
			path = User_model;
			sourceTree = "<group>";
		};
		6A1B8B852367D44000E22CD9 /* IntroView */ = {
			isa = PBXGroup;
			children = (
				6A079B26236A90EE00B533CA /* CuisineCell */,
				6A079B23236A6A6A00B533CA /* Cuisine Model */,
				6A7DCEE62379559C00EFA939 /* LocationRequestVC.swift */,
				6A1B8B862367D45100E22CD9 /* IntroVC.swift */,
				6A079B21236A50AB00B533CA /* Intro2VC.swift */,
				6A079B29236AA60800B533CA /* Intro3VC.swift */,
			);
			path = IntroView;
			sourceTree = "<group>";
		};
		6A1B8B882367F46400E22CD9 /* User Model */ = {
			isa = PBXGroup;
			children = (
				6A1B8B892367F47600E22CD9 /* user.swift */,
			);
			path = "User Model";
			sourceTree = "<group>";
		};
		6A1D05AE235E58C000BEB5A2 /* Sign in process */ = {
			isa = PBXGroup;
			children = (
				6A1B8B822364FA4700E22CD9 /* User_model */,
				6AA397C5236020EA00D482D7 /* CampusModel */,
				6A4BC7CD235A7565006332DD /* StartVC.swift */,
				6A1D05AF235E58E000BEB5A2 /* PhoneVC.swift */,
				6A016D6B235EB34B0065D0D5 /* PhoneVeriVC.swift */,
				6AA397C32360194A00D482D7 /* CampusVC.swift */,
				6AA397CB236028AB00D482D7 /* EmailVC.swift */,
				6AA397CF2360388100D482D7 /* EmailVerificationVC.swift */,
				6A86C0ED23616F91006B2007 /* PersonalInfoVC.swift */,
			);
			path = "Sign in process";
			sourceTree = "<group>";
		};
		6A1F6E56235E09F900EE750B /* Google info */ = {
			isa = PBXGroup;
			children = (
				6A1F6E57235E0A0B00EE750B /* GoogleService-Info.plist */,
			);
			path = "Google info";
			sourceTree = "<group>";
		};
		6A1F6E59235E0B5100EE750B /* ModView */ = {
			isa = PBXGroup;
			children = (
				6A1F6E5E235E0B7500EE750B /* circleView.swift */,
				6A1F6E60235E0B7900EE750B /* CommentTxtView.swift */,
				6A1F6E6A235E0B8D00EE750B /* modTxtField.swift */,
				6A1F6E6C235E0B9200EE750B /* ProfileView.swift */,
				6A1F6E6E235E0B9600EE750B /* windowInfo.swift */,
				6A1F6E62235E0B7D00EE750B /* defaultCardView.swift */,
				6A1F6E68235E0B8A00EE750B /* ModifiedSearchBar.swift */,
				6A1F6E66235E0B8600EE750B /* modifiedChooseCarView.swift */,
				6A1F6E64235E0B8100EE750B /* fancyBtn.swift */,
				6A1F6E5C235E0B7100EE750B /* borderAvatarView.swift */,
				6A1F6E5A235E0B6A00EE750B /* avatarImgRendered.swift */,
				6A016D6E235EB5C60065D0D5 /* RoundedLabel.swift */,
				6AA397CD23602F1100D482D7 /* CustomLabel.swift */,
				6A15EAA423721DCC006A93D7 /* Color.swift */,
			);
			path = ModView;
			sourceTree = "<group>";
		};
		6A1F6E70235E0B9D00EE750B /* SwifLoader */ = {
			isa = PBXGroup;
			children = (
				6A1F6E71235E0BAA00EE750B /* SwiftLoader.swift */,
			);
			path = SwifLoader;
			sourceTree = "<group>";
		};
		6A1F6E73235E0BC200EE750B /* Constant */ = {
			isa = PBXGroup;
			children = (
				6A1F6E74235E0BCD00EE750B /* Constant.swift */,
				6A15EAA623721EB9006A93D7 /* Constants.swift */,
			);
			path = Constant;
			sourceTree = "<group>";
		};
		6A1FED23235E032500198533 /* Delegate */ = {
			isa = PBXGroup;
			children = (
				6A4BC7C9235A7565006332DD /* AppDelegate.swift */,
				6A4BC7CB235A7565006332DD /* SceneDelegate.swift */,
			);
			path = Delegate;
			sourceTree = "<group>";
		};
		6A27358A237B7C0400AFD664 /* ChangePhoneVC */ = {
			isa = PBXGroup;
			children = (
				6A27358B237B7C1B00AFD664 /* ChangePhoneVC.swift */,
			);
			path = ChangePhoneVC;
			sourceTree = "<group>";
		};
		6A4BC7BD235A7565006332DD = {
			isa = PBXGroup;
			children = (
				6A4BC7C8235A7565006332DD /* uEAT */,
				6A4BC7DF235A7567006332DD /* uEATTests */,
				6A4BC7EA235A7567006332DD /* uEATUITests */,
				6A4BC7C7235A7565006332DD /* Products */,
				9235C5B806CACF484A26B5F3 /* Pods */,
				9CBB6A673529810698215CB5 /* Frameworks */,
			);
			sourceTree = "<group>";
		};
		6A4BC7C7235A7565006332DD /* Products */ = {
			isa = PBXGroup;
			children = (
				6A4BC7C6235A7565006332DD /* uEAT.app */,
				6A4BC7DC235A7567006332DD /* uEATTests.xctest */,
				6A4BC7E7235A7567006332DD /* uEATUITests.xctest */,
			);
			name = Products;
			sourceTree = "<group>";
		};
		6A4BC7C8235A7565006332DD /* uEAT */ = {
			isa = PBXGroup;
			children = (
				6A7167C8249CCD77003672BC /* CustomCell */,
				6A197C3B239F9E110013EDCC /* Layouts */,
				6A197C38239F989A0013EDCC /* ItemModel */,
				6A15EAA823721F9E006A93D7 /* Animations */,
				6A0EC78D237169C100E70DEA /* uEAT.entitlements */,
				6A775C06236CD51D007366C2 /* HomePage */,
				6A079B1E23690D3000B533CA /* Utils */,
				6A1B8B882367F46400E22CD9 /* User Model */,
				6A1B8B852367D44000E22CD9 /* IntroView */,
				6AA397C82360216700D482D7 /* DataService */,
				6A016D6D235EB3560065D0D5 /* Storyboard */,
				6A1D05AE235E58C000BEB5A2 /* Sign in process */,
				6A1F6E73235E0BC200EE750B /* Constant */,
				6A1F6E70235E0B9D00EE750B /* SwifLoader */,
				6A1F6E59235E0B5100EE750B /* ModView */,
				6A1F6E56235E09F900EE750B /* Google info */,
				6A1FED23235E032500198533 /* Delegate */,
				6A4BC7D2235A7566006332DD /* Assets.xcassets */,
				6A4BC7D7235A7566006332DD /* Info.plist */,
			);
			path = uEAT;
			sourceTree = "<group>";
		};
		6A4BC7DF235A7567006332DD /* uEATTests */ = {
			isa = PBXGroup;
			children = (
				6A4BC7E0235A7567006332DD /* uEATTests.swift */,
				6A4BC7E2235A7567006332DD /* Info.plist */,
			);
			path = uEATTests;
			sourceTree = "<group>";
		};
		6A4BC7EA235A7567006332DD /* uEATUITests */ = {
			isa = PBXGroup;
			children = (
				6A4BC7EB235A7567006332DD /* uEATUITests.swift */,
				6A4BC7ED235A7567006332DD /* Info.plist */,
			);
			path = uEATUITests;
			sourceTree = "<group>";
		};
		6A7167C8249CCD77003672BC /* CustomCell */ = {
			isa = PBXGroup;
			children = (
				6A7167C9249CCD84003672BC /* MessageViewIncoming.xib */,
				6A7167CB249CCD84003672BC /* MessageViewOutgoing.xib */,
				6A7167CA249CCD84003672BC /* Subclasses.swift */,
			);
			path = CustomCell;
			sourceTree = "<group>";
		};
		6A7167CF249DC59B003672BC /* MyOrderVC */ = {
			isa = PBXGroup;
			children = (
				6A7167DE249DF4DD003672BC /* OrderStatus */,
				6A7167D5249DD39F003672BC /* OrderDetail */,
				6A7167D2249DC94E003672BC /* MyOrderCell */,
				6A7167D0249DC5B1003672BC /* MyOrderVC.swift */,
			);
			path = MyOrderVC;
			sourceTree = "<group>";
		};
		6A7167D2249DC94E003672BC /* MyOrderCell */ = {
			isa = PBXGroup;
			children = (
				6A7167D3249DC968003672BC /* MyOrderCell.swift */,
			);
			path = MyOrderCell;
			sourceTree = "<group>";
		};
		6A7167D5249DD39F003672BC /* OrderDetail */ = {
			isa = PBXGroup;
			children = (
				6A7167DB249DE365003672BC /* OrderDetailModel */,
				6A7167D8249DE1BD003672BC /* OrderDetailCell */,
				6A7167D6249DD3D1003672BC /* OrderDetailVC.swift */,
			);
			path = OrderDetail;
			sourceTree = "<group>";
		};
		6A7167D8249DE1BD003672BC /* OrderDetailCell */ = {
			isa = PBXGroup;
			children = (
				6A7167D9249DE1D6003672BC /* OrderDetailCell.swift */,
			);
			path = OrderDetailCell;
			sourceTree = "<group>";
		};
		6A7167DB249DE365003672BC /* OrderDetailModel */ = {
			isa = PBXGroup;
			children = (
				6A7167DC249DE384003672BC /* OrderDetailModel.swift */,
			);
			path = OrderDetailModel;
			sourceTree = "<group>";
		};
		6A7167DE249DF4DD003672BC /* OrderStatus */ = {
			isa = PBXGroup;
			children = (
				6A7167DF249DF4FC003672BC /* OrderStatusVC.swift */,
			);
			path = OrderStatus;
			sourceTree = "<group>";
		};
		6A71680124A461D4003672BC /* Profile Info */ = {
			isa = PBXGroup;
			children = (
				6A71680224A461EE003672BC /* ProfileInfoVC.swift */,
			);
			path = "Profile Info";
			sourceTree = "<group>";
		};
		6A71680424A494DC003672BC /* RestaurantModel */ = {
			isa = PBXGroup;
			children = (
				6A71680524A494F9003672BC /* RestaurantModel.swift */,
			);
			path = RestaurantModel;
			sourceTree = "<group>";
		};
		6A71680724A4A657003672BC /* Menu */ = {
			isa = PBXGroup;
			children = (
				6A71680A24A4A678003672BC /* MenuCell */,
				6A71680824A4A668003672BC /* MenuVC.swift */,
			);
			path = Menu;
			sourceTree = "<group>";
		};
		6A71680A24A4A678003672BC /* MenuCell */ = {
			isa = PBXGroup;
			children = (
				6A71680B24A4A69B003672BC /* MenuCell.swift */,
			);
			path = MenuCell;
			sourceTree = "<group>";
		};
		6A775C06236CD51D007366C2 /* HomePage */ = {
			isa = PBXGroup;
			children = (
				6A0EC76E236ECBC300E70DEA /* MainVC */,
			);
			path = HomePage;
			sourceTree = "<group>";
		};
		6A7DCEE8237A15BF00EFA939 /* SecurityVC */ = {
			isa = PBXGroup;
			children = (
				6A27358A237B7C0400AFD664 /* ChangePhoneVC */,
				6A7DCEE9237A15D000EFA939 /* SecurityVC.swift */,
			);
			path = SecurityVC;
			sourceTree = "<group>";
		};
		6AA397C5236020EA00D482D7 /* CampusModel */ = {
			isa = PBXGroup;
			children = (
				6AA397C62360210B00D482D7 /* CampusModel.swift */,
			);
			path = CampusModel;
			sourceTree = "<group>";
		};
		6AA397C82360216700D482D7 /* DataService */ = {
			isa = PBXGroup;
			children = (
				6AA397C92360217D00D482D7 /* DataService.swift */,
			);
			path = DataService;
			sourceTree = "<group>";
		};
		6AC54EB924977B13005AF364 /* Add_on Cell */ = {
			isa = PBXGroup;
			children = (
				6AC54EBA24977B31005AF364 /* addOnCell.swift */,
			);
			path = "Add_on Cell";
			sourceTree = "<group>";
		};
		6AC54EBC24978314005AF364 /* Cart */ = {
			isa = PBXGroup;
			children = (
				6AC54EC22497938E005AF364 /* CartCell */,
				6AC54EBF24979296005AF364 /* CartModel */,
				6AC54EBD2497832B005AF364 /* CartVC.swift */,
			);
			path = Cart;
			sourceTree = "<group>";
		};
		6AC54EBF24979296005AF364 /* CartModel */ = {
			isa = PBXGroup;
			children = (
				6AC54EC0249792A8005AF364 /* CartModel.swift */,
			);
			path = CartModel;
			sourceTree = "<group>";
		};
		6AC54EC22497938E005AF364 /* CartCell */ = {
			isa = PBXGroup;
			children = (
				6AC54EC3249793B3005AF364 /* CartCell.swift */,
			);
			path = CartCell;
			sourceTree = "<group>";
		};
		6AC54ED3249931FE005AF364 /* CheckOut */ = {
			isa = PBXGroup;
			children = (
				6AC54ED42499321B005AF364 /* CheckOutVC.swift */,
			);
			path = CheckOut;
			sourceTree = "<group>";
		};
		6AC54ED8249B50DB005AF364 /* ChatModel */ = {
			isa = PBXGroup;
			children = (
				6AC54EDC249C6219005AF364 /* ChatModel.swift */,
			);
			path = ChatModel;
			sourceTree = "<group>";
		};
		6AC54ED9249B5396005AF364 /* ChatCell */ = {
			isa = PBXGroup;
			children = (
				6AC54EDA249B54BE005AF364 /* ChatCell.swift */,
			);
			path = ChatCell;
			sourceTree = "<group>";
		};
		6AC54EDE249CC625005AF364 /* ChatDetailVC */ = {
			isa = PBXGroup;
			children = (
				6AC54EDF249CC645005AF364 /* ChatDetailVC.swift */,
			);
			path = ChatDetailVC;
			sourceTree = "<group>";
		};
		9235C5B806CACF484A26B5F3 /* Pods */ = {
			isa = PBXGroup;
			children = (
				7C4622C22A5A0ED679A983CF /* Pods-uEAT.debug.xcconfig */,
				379258CF85394AEA73995AB5 /* Pods-uEAT.release.xcconfig */,
				8EC96E0F663F4D91492CFDA7 /* Pods-uEAT-uEATUITests.debug.xcconfig */,
				8D1368859026A11BC1D4FFEC /* Pods-uEAT-uEATUITests.release.xcconfig */,
				0D5BEF3324C786BEDB01705F /* Pods-uEATTests.debug.xcconfig */,
				CB89B8FD9EB692F1002C23F3 /* Pods-uEATTests.release.xcconfig */,
			);
			path = Pods;
			sourceTree = "<group>";
		};
		9CBB6A673529810698215CB5 /* Frameworks */ = {
			isa = PBXGroup;
			children = (
				6A71680D24A5ECD1003672BC /* PassKit.framework */,
				65EA6D5A2034D3691A75CB6E /* Pods_uEAT.framework */,
				F609A59DCD1C5B481F89DE01 /* Pods_uEAT_uEATUITests.framework */,
				3DDE516C0305C99C8BDC1623 /* Pods_uEATTests.framework */,
			);
			name = Frameworks;
			sourceTree = "<group>";
		};
/* End PBXGroup section */

/* Begin PBXNativeTarget section */
		6A4BC7C5235A7565006332DD /* uEAT */ = {
			isa = PBXNativeTarget;
			buildConfigurationList = 6A4BC7F0235A7567006332DD /* Build configuration list for PBXNativeTarget "uEAT" */;
			buildPhases = (
				1269D7F44763C8739E0CE06F /* [CP] Check Pods Manifest.lock */,
				6A4BC7C2235A7565006332DD /* Sources */,
				6A4BC7C3235A7565006332DD /* Frameworks */,
				6A4BC7C4235A7565006332DD /* Resources */,
				ED8928ECEB8EDE3C46063E3E /* [CP] Embed Pods Frameworks */,
				0D9B3435F8BEED70EE0D894C /* [CP] Copy Pods Resources */,
			);
			buildRules = (
			);
			dependencies = (
			);
			name = uEAT;
			productName = uEAT;
			productReference = 6A4BC7C6235A7565006332DD /* uEAT.app */;
			productType = "com.apple.product-type.application";
		};
		6A4BC7DB235A7567006332DD /* uEATTests */ = {
			isa = PBXNativeTarget;
			buildConfigurationList = 6A4BC7F3235A7567006332DD /* Build configuration list for PBXNativeTarget "uEATTests" */;
			buildPhases = (
				CD5AB62B7E5EF4D35BDDD7BD /* [CP] Check Pods Manifest.lock */,
				6A4BC7D8235A7567006332DD /* Sources */,
				6A4BC7D9235A7567006332DD /* Frameworks */,
				6A4BC7DA235A7567006332DD /* Resources */,
			);
			buildRules = (
			);
			dependencies = (
				6A4BC7DE235A7567006332DD /* PBXTargetDependency */,
			);
			name = uEATTests;
			productName = uEATTests;
			productReference = 6A4BC7DC235A7567006332DD /* uEATTests.xctest */;
			productType = "com.apple.product-type.bundle.unit-test";
		};
		6A4BC7E6235A7567006332DD /* uEATUITests */ = {
			isa = PBXNativeTarget;
			buildConfigurationList = 6A4BC7F6235A7567006332DD /* Build configuration list for PBXNativeTarget "uEATUITests" */;
			buildPhases = (
				BEE449315BD8A57FA40187CD /* [CP] Check Pods Manifest.lock */,
				6A4BC7E3235A7567006332DD /* Sources */,
				6A4BC7E4235A7567006332DD /* Frameworks */,
				6A4BC7E5235A7567006332DD /* Resources */,
				149017E625626F124DF36ED2 /* [CP] Embed Pods Frameworks */,
				2A12B2978F29C9BE043599FB /* [CP] Copy Pods Resources */,
			);
			buildRules = (
			);
			dependencies = (
				6A4BC7E9235A7567006332DD /* PBXTargetDependency */,
			);
			name = uEATUITests;
			productName = uEATUITests;
			productReference = 6A4BC7E7235A7567006332DD /* uEATUITests.xctest */;
			productType = "com.apple.product-type.bundle.ui-testing";
		};
/* End PBXNativeTarget section */

/* Begin PBXProject section */
		6A4BC7BE235A7565006332DD /* Project object */ = {
			isa = PBXProject;
			attributes = {
				LastSwiftUpdateCheck = 1110;
				LastUpgradeCheck = 1110;
				ORGANIZATIONNAME = "Khoi Nguyen";
				TargetAttributes = {
					6A4BC7C5235A7565006332DD = {
						CreatedOnToolsVersion = 11.1;
					};
					6A4BC7DB235A7567006332DD = {
						CreatedOnToolsVersion = 11.1;
						TestTargetID = 6A4BC7C5235A7565006332DD;
					};
					6A4BC7E6235A7567006332DD = {
						CreatedOnToolsVersion = 11.1;
						TestTargetID = 6A4BC7C5235A7565006332DD;
					};
				};
			};
			buildConfigurationList = 6A4BC7C1235A7565006332DD /* Build configuration list for PBXProject "uEAT" */;
			compatibilityVersion = "Xcode 9.3";
			developmentRegion = en;
			hasScannedForEncodings = 0;
			knownRegions = (
				en,
				Base,
			);
			mainGroup = 6A4BC7BD235A7565006332DD;
			productRefGroup = 6A4BC7C7235A7565006332DD /* Products */;
			projectDirPath = "";
			projectRoot = "";
			targets = (
				6A4BC7C5235A7565006332DD /* uEAT */,
				6A4BC7DB235A7567006332DD /* uEATTests */,
				6A4BC7E6235A7567006332DD /* uEATUITests */,
			);
		};
/* End PBXProject section */

/* Begin PBXResourcesBuildPhase section */
		6A4BC7C4235A7565006332DD /* Resources */ = {
			isa = PBXResourcesBuildPhase;
			buildActionMask = 2147483647;
			files = (
				6A1F6E58235E0A0B00EE750B /* GoogleService-Info.plist in Resources */,
				6A4BC7D6235A7566006332DD /* LaunchScreen.storyboard in Resources */,
				6A4BC7D3235A7566006332DD /* Assets.xcassets in Resources */,
				6A4BC7D1235A7565006332DD /* Main.storyboard in Resources */,
				6A7167CE249CCD84003672BC /* MessageViewOutgoing.xib in Resources */,
				6A7167CC249CCD84003672BC /* MessageViewIncoming.xib in Resources */,
			);
			runOnlyForDeploymentPostprocessing = 0;
		};
		6A4BC7DA235A7567006332DD /* Resources */ = {
			isa = PBXResourcesBuildPhase;
			buildActionMask = 2147483647;
			files = (
			);
			runOnlyForDeploymentPostprocessing = 0;
		};
		6A4BC7E5235A7567006332DD /* Resources */ = {
			isa = PBXResourcesBuildPhase;
			buildActionMask = 2147483647;
			files = (
			);
			runOnlyForDeploymentPostprocessing = 0;
		};
/* End PBXResourcesBuildPhase section */

/* Begin PBXShellScriptBuildPhase section */
		0D9B3435F8BEED70EE0D894C /* [CP] Copy Pods Resources */ = {
			isa = PBXShellScriptBuildPhase;
			buildActionMask = 2147483647;
			files = (
			);
			inputFileListPaths = (
				"${PODS_ROOT}/Target Support Files/Pods-uEAT/Pods-uEAT-resources-${CONFIGURATION}-input-files.xcfilelist",
			);
			name = "[CP] Copy Pods Resources";
			outputFileListPaths = (
				"${PODS_ROOT}/Target Support Files/Pods-uEAT/Pods-uEAT-resources-${CONFIGURATION}-output-files.xcfilelist",
			);
			runOnlyForDeploymentPostprocessing = 0;
			shellPath = /bin/sh;
			shellScript = "\"${PODS_ROOT}/Target Support Files/Pods-uEAT/Pods-uEAT-resources.sh\"\n";
			showEnvVarsInLog = 0;
		};
		1269D7F44763C8739E0CE06F /* [CP] Check Pods Manifest.lock */ = {
			isa = PBXShellScriptBuildPhase;
			buildActionMask = 2147483647;
			files = (
			);
			inputFileListPaths = (
			);
			inputPaths = (
				"${PODS_PODFILE_DIR_PATH}/Podfile.lock",
				"${PODS_ROOT}/Manifest.lock",
			);
			name = "[CP] Check Pods Manifest.lock";
			outputFileListPaths = (
			);
			outputPaths = (
				"$(DERIVED_FILE_DIR)/Pods-uEAT-checkManifestLockResult.txt",
			);
			runOnlyForDeploymentPostprocessing = 0;
			shellPath = /bin/sh;
			shellScript = "diff \"${PODS_PODFILE_DIR_PATH}/Podfile.lock\" \"${PODS_ROOT}/Manifest.lock\" > /dev/null\nif [ $? != 0 ] ; then\n    # print error to STDERR\n    echo \"error: The sandbox is not in sync with the Podfile.lock. Run 'pod install' or update your CocoaPods installation.\" >&2\n    exit 1\nfi\n# This output is used by Xcode 'outputs' to avoid re-running this script phase.\necho \"SUCCESS\" > \"${SCRIPT_OUTPUT_FILE_0}\"\n";
			showEnvVarsInLog = 0;
		};
		149017E625626F124DF36ED2 /* [CP] Embed Pods Frameworks */ = {
			isa = PBXShellScriptBuildPhase;
			buildActionMask = 2147483647;
			files = (
			);
			inputFileListPaths = (
				"${PODS_ROOT}/Target Support Files/Pods-uEAT-uEATUITests/Pods-uEAT-uEATUITests-frameworks-${CONFIGURATION}-input-files.xcfilelist",
			);
			name = "[CP] Embed Pods Frameworks";
			outputFileListPaths = (
				"${PODS_ROOT}/Target Support Files/Pods-uEAT-uEATUITests/Pods-uEAT-uEATUITests-frameworks-${CONFIGURATION}-output-files.xcfilelist",
			);
			runOnlyForDeploymentPostprocessing = 0;
			shellPath = /bin/sh;
			shellScript = "\"${PODS_ROOT}/Target Support Files/Pods-uEAT-uEATUITests/Pods-uEAT-uEATUITests-frameworks.sh\"\n";
			showEnvVarsInLog = 0;
		};
		2A12B2978F29C9BE043599FB /* [CP] Copy Pods Resources */ = {
			isa = PBXShellScriptBuildPhase;
			buildActionMask = 2147483647;
			files = (
			);
			inputFileListPaths = (
				"${PODS_ROOT}/Target Support Files/Pods-uEAT-uEATUITests/Pods-uEAT-uEATUITests-resources-${CONFIGURATION}-input-files.xcfilelist",
			);
			name = "[CP] Copy Pods Resources";
			outputFileListPaths = (
				"${PODS_ROOT}/Target Support Files/Pods-uEAT-uEATUITests/Pods-uEAT-uEATUITests-resources-${CONFIGURATION}-output-files.xcfilelist",
			);
			runOnlyForDeploymentPostprocessing = 0;
			shellPath = /bin/sh;
			shellScript = "\"${PODS_ROOT}/Target Support Files/Pods-uEAT-uEATUITests/Pods-uEAT-uEATUITests-resources.sh\"\n";
			showEnvVarsInLog = 0;
		};
		BEE449315BD8A57FA40187CD /* [CP] Check Pods Manifest.lock */ = {
			isa = PBXShellScriptBuildPhase;
			buildActionMask = 2147483647;
			files = (
			);
			inputFileListPaths = (
			);
			inputPaths = (
				"${PODS_PODFILE_DIR_PATH}/Podfile.lock",
				"${PODS_ROOT}/Manifest.lock",
			);
			name = "[CP] Check Pods Manifest.lock";
			outputFileListPaths = (
			);
			outputPaths = (
				"$(DERIVED_FILE_DIR)/Pods-uEAT-uEATUITests-checkManifestLockResult.txt",
			);
			runOnlyForDeploymentPostprocessing = 0;
			shellPath = /bin/sh;
			shellScript = "diff \"${PODS_PODFILE_DIR_PATH}/Podfile.lock\" \"${PODS_ROOT}/Manifest.lock\" > /dev/null\nif [ $? != 0 ] ; then\n    # print error to STDERR\n    echo \"error: The sandbox is not in sync with the Podfile.lock. Run 'pod install' or update your CocoaPods installation.\" >&2\n    exit 1\nfi\n# This output is used by Xcode 'outputs' to avoid re-running this script phase.\necho \"SUCCESS\" > \"${SCRIPT_OUTPUT_FILE_0}\"\n";
			showEnvVarsInLog = 0;
		};
		CD5AB62B7E5EF4D35BDDD7BD /* [CP] Check Pods Manifest.lock */ = {
			isa = PBXShellScriptBuildPhase;
			buildActionMask = 2147483647;
			files = (
			);
			inputFileListPaths = (
			);
			inputPaths = (
				"${PODS_PODFILE_DIR_PATH}/Podfile.lock",
				"${PODS_ROOT}/Manifest.lock",
			);
			name = "[CP] Check Pods Manifest.lock";
			outputFileListPaths = (
			);
			outputPaths = (
				"$(DERIVED_FILE_DIR)/Pods-uEATTests-checkManifestLockResult.txt",
			);
			runOnlyForDeploymentPostprocessing = 0;
			shellPath = /bin/sh;
			shellScript = "diff \"${PODS_PODFILE_DIR_PATH}/Podfile.lock\" \"${PODS_ROOT}/Manifest.lock\" > /dev/null\nif [ $? != 0 ] ; then\n    # print error to STDERR\n    echo \"error: The sandbox is not in sync with the Podfile.lock. Run 'pod install' or update your CocoaPods installation.\" >&2\n    exit 1\nfi\n# This output is used by Xcode 'outputs' to avoid re-running this script phase.\necho \"SUCCESS\" > \"${SCRIPT_OUTPUT_FILE_0}\"\n";
			showEnvVarsInLog = 0;
		};
		ED8928ECEB8EDE3C46063E3E /* [CP] Embed Pods Frameworks */ = {
			isa = PBXShellScriptBuildPhase;
			buildActionMask = 2147483647;
			files = (
			);
			inputFileListPaths = (
				"${PODS_ROOT}/Target Support Files/Pods-uEAT/Pods-uEAT-frameworks-${CONFIGURATION}-input-files.xcfilelist",
			);
			name = "[CP] Embed Pods Frameworks";
			outputFileListPaths = (
				"${PODS_ROOT}/Target Support Files/Pods-uEAT/Pods-uEAT-frameworks-${CONFIGURATION}-output-files.xcfilelist",
			);
			runOnlyForDeploymentPostprocessing = 0;
			shellPath = /bin/sh;
			shellScript = "\"${PODS_ROOT}/Target Support Files/Pods-uEAT/Pods-uEAT-frameworks.sh\"\n";
			showEnvVarsInLog = 0;
		};
/* End PBXShellScriptBuildPhase section */

/* Begin PBXSourcesBuildPhase section */
		6A4BC7C2235A7565006332DD /* Sources */ = {
			isa = PBXSourcesBuildPhase;
			buildActionMask = 2147483647;
			files = (
				6A1F6E6B235E0B8D00EE750B /* modTxtField.swift in Sources */,
				6A7167DA249DE1D6003672BC /* OrderDetailCell.swift in Sources */,
				6A1F6E6D235E0B9200EE750B /* ProfileView.swift in Sources */,
				6AC54ED024980E59005AF364 /* Font.swift in Sources */,
				6A15EAB023722581006A93D7 /* ThemeViewController.swift in Sources */,
				6A1B8B842364FA6100E22CD9 /* Register_User.swift in Sources */,
				6AA397C72360210B00D482D7 /* CampusModel.swift in Sources */,
				6A016D6F235EB5C60065D0D5 /* RoundedLabel.swift in Sources */,
				6A7167D4249DC968003672BC /* MyOrderCell.swift in Sources */,
				6AC54EC4249793B3005AF364 /* CartCell.swift in Sources */,
				6A15EAA523721DCC006A93D7 /* Color.swift in Sources */,
				6A1B8B8A2367F47600E22CD9 /* user.swift in Sources */,
				6A1B8B872367D45100E22CD9 /* IntroVC.swift in Sources */,
				6AC54EDD249C6219005AF364 /* ChatModel.swift in Sources */,
				6A0EC7932371FAE200E70DEA /* addNewPaymentCell.swift in Sources */,
				6A1F6E5D235E0B7100EE750B /* borderAvatarView.swift in Sources */,
				6AA397CA2360217D00D482D7 /* DataService.swift in Sources */,
				6A71680924A4A668003672BC /* MenuVC.swift in Sources */,
				6A15EAB6237290D1006A93D7 /* addCardVC.swift in Sources */,
				6A1F6E75235E0BCE00EE750B /* Constant.swift in Sources */,
				6A0EC7902371EF1200E70DEA /* PaymentCell.swift in Sources */,
				6AA397CE23602F1100D482D7 /* CustomLabel.swift in Sources */,
				6A15EAAC23721FC6006A93D7 /* HalfSheetPresentationControllerHeightProtocol.swift in Sources */,
				6A71680624A494F9003672BC /* RestaurantModel.swift in Sources */,
				6A0EC772236ECC0100E70DEA /* ChatVC.swift in Sources */,
				6A7167D7249DD3D1003672BC /* OrderDetailVC.swift in Sources */,
				6A079B22236A50AB00B533CA /* Intro2VC.swift in Sources */,
				6A86C0EE23616F91006B2007 /* PersonalInfoVC.swift in Sources */,
				6A0EC76D236EB5E700E70DEA /* HomePageVC.swift in Sources */,
				6AA397D02360388100D482D7 /* EmailVerificationVC.swift in Sources */,
				6A197C42239FAC470013EDCC /* itemDetail.swift in Sources */,
				6AC54EBE2497832B005AF364 /* CartVC.swift in Sources */,
				6A7167CD249CCD84003672BC /* Subclasses.swift in Sources */,
				6A0EC7862371544500E70DEA /* NotificationVC.swift in Sources */,
				6AC54ED224980E63005AF364 /* CGRect+Utils.swift in Sources */,
				6A15EAAE23722005006A93D7 /* extension-UIView.swift in Sources */,
				6A0EC7892371575400E70DEA /* PaymentVC.swift in Sources */,
				6A7DCEE72379559C00EFA939 /* LocationRequestVC.swift in Sources */,
				6A079B25236A6A8A00B533CA /* Cuisine_model.swift in Sources */,
				6A7167E0249DF4FC003672BC /* OrderStatusVC.swift in Sources */,
				6A1F6E72235E0BAA00EE750B /* SwiftLoader.swift in Sources */,
				6A7DCEEA237A15D000EFA939 /* SecurityVC.swift in Sources */,
				6A4BC7CE235A7565006332DD /* StartVC.swift in Sources */,
				6A27358C237B7C1B00AFD664 /* ChangePhoneVC.swift in Sources */,
				6A1D05B0235E58E000BEB5A2 /* PhoneVC.swift in Sources */,
				6A1F6E63235E0B7D00EE750B /* defaultCardView.swift in Sources */,
				6AC54EBB24977B31005AF364 /* addOnCell.swift in Sources */,
				6AC54EDB249B54BE005AF364 /* ChatCell.swift in Sources */,
				6AC54EC1249792A8005AF364 /* CartModel.swift in Sources */,
				6A4BC7CA235A7565006332DD /* AppDelegate.swift in Sources */,
				6AC54ED52499321B005AF364 /* CheckOutVC.swift in Sources */,
				6A0EC774236ECC1900E70DEA /* ProfileVC.swift in Sources */,
				6A7167DD249DE384003672BC /* OrderDetailModel.swift in Sources */,
				6A0EC770236ECBF100E70DEA /* HomeVC.swift in Sources */,
				6A1F6E69235E0B8A00EE750B /* ModifiedSearchBar.swift in Sources */,
				6A0EC77C236FA76600E70DEA /* Recent_order_model.swift in Sources */,
				6AC54EE0249CC646005AF364 /* ChatDetailVC.swift in Sources */,
				6A0EC77F2371221600E70DEA /* ProfileCell.swift in Sources */,
				6A4BC7CC235A7565006332DD /* SceneDelegate.swift in Sources */,
				6A016D6C235EB34B0065D0D5 /* PhoneVeriVC.swift in Sources */,
				6AC54ECE24980E50005AF364 /* Object+ClassName.swift in Sources */,
				6A197C3A239F98BF0013EDCC /* itemModel.swift in Sources */,
				6A197C3F239F9FB10013EDCC /* ItemCell.swift in Sources */,
				6A1F6E65235E0B8100EE750B /* fancyBtn.swift in Sources */,
				6A1F6E6F235E0B9600EE750B /* windowInfo.swift in Sources */,
				6AC54ECC24980E43005AF364 /* UIColor+Utils.swift in Sources */,
				6A71680C24A4A69B003672BC /* MenuCell.swift in Sources */,
				6A0EC779236FA0F800E70DEA /* order_cell.swift in Sources */,
				6A15EAB2237225A4006A93D7 /* CardFieldViewController.swift in Sources */,
				6AA397C42360194A00D482D7 /* CampusVC.swift in Sources */,
				6A079B28236A910800B533CA /* cuisineCell.swift in Sources */,
				6A079B2A236AA60800B533CA /* Intro3VC.swift in Sources */,
				6AC54ECA24980E32005AF364 /* UIScreen+Utils.swift in Sources */,
				6A1F6E5F235E0B7500EE750B /* circleView.swift in Sources */,
				6A0EC78C2371656100E70DEA /* PaymentModel.swift in Sources */,
				6A1F6E67235E0B8600EE750B /* modifiedChooseCarView.swift in Sources */,
				6A1F6E61235E0B7900EE750B /* CommentTxtView.swift in Sources */,
				6A7167D1249DC5B1003672BC /* MyOrderVC.swift in Sources */,
				6A1F6E5B235E0B6A00EE750B /* avatarImgRendered.swift in Sources */,
				6A71680324A461EE003672BC /* ProfileInfoVC.swift in Sources */,
				6A15EAA723721EB9006A93D7 /* Constants.swift in Sources */,
				6AC54EC824980E22005AF364 /* UIView+Nib.swift in Sources */,
				6A079B2023690D4F00B533CA /* MainAPIClient.swift in Sources */,
				6AA397CC236028AB00D482D7 /* EmailVC.swift in Sources */,
				6AC54EB82496E78C005AF364 /* PinterestLayout.swift in Sources */,
			);
			runOnlyForDeploymentPostprocessing = 0;
		};
		6A4BC7D8235A7567006332DD /* Sources */ = {
			isa = PBXSourcesBuildPhase;
			buildActionMask = 2147483647;
			files = (
				6A4BC7E1235A7567006332DD /* uEATTests.swift in Sources */,
			);
			runOnlyForDeploymentPostprocessing = 0;
		};
		6A4BC7E3235A7567006332DD /* Sources */ = {
			isa = PBXSourcesBuildPhase;
			buildActionMask = 2147483647;
			files = (
				6A4BC7EC235A7567006332DD /* uEATUITests.swift in Sources */,
			);
			runOnlyForDeploymentPostprocessing = 0;
		};
/* End PBXSourcesBuildPhase section */

/* Begin PBXTargetDependency section */
		6A4BC7DE235A7567006332DD /* PBXTargetDependency */ = {
			isa = PBXTargetDependency;
			target = 6A4BC7C5235A7565006332DD /* uEAT */;
			targetProxy = 6A4BC7DD235A7567006332DD /* PBXContainerItemProxy */;
		};
		6A4BC7E9235A7567006332DD /* PBXTargetDependency */ = {
			isa = PBXTargetDependency;
			target = 6A4BC7C5235A7565006332DD /* uEAT */;
			targetProxy = 6A4BC7E8235A7567006332DD /* PBXContainerItemProxy */;
		};
/* End PBXTargetDependency section */

/* Begin PBXVariantGroup section */
		6A4BC7CF235A7565006332DD /* Main.storyboard */ = {
			isa = PBXVariantGroup;
			children = (
				6A4BC7D0235A7565006332DD /* Base */,
			);
			name = Main.storyboard;
			sourceTree = "<group>";
		};
		6A4BC7D4235A7566006332DD /* LaunchScreen.storyboard */ = {
			isa = PBXVariantGroup;
			children = (
				6A4BC7D5235A7566006332DD /* Base */,
			);
			name = LaunchScreen.storyboard;
			sourceTree = "<group>";
		};
/* End PBXVariantGroup section */

/* Begin XCBuildConfiguration section */
		6A4BC7EE235A7567006332DD /* Debug */ = {
			isa = XCBuildConfiguration;
			buildSettings = {
				ALWAYS_SEARCH_USER_PATHS = NO;
				CLANG_ANALYZER_NONNULL = YES;
				CLANG_ANALYZER_NUMBER_OBJECT_CONVERSION = YES_AGGRESSIVE;
				CLANG_CXX_LANGUAGE_STANDARD = "gnu++14";
				CLANG_CXX_LIBRARY = "libc++";
				CLANG_ENABLE_MODULES = YES;
				CLANG_ENABLE_OBJC_ARC = YES;
				CLANG_ENABLE_OBJC_WEAK = YES;
				CLANG_WARN_BLOCK_CAPTURE_AUTORELEASING = YES;
				CLANG_WARN_BOOL_CONVERSION = YES;
				CLANG_WARN_COMMA = YES;
				CLANG_WARN_CONSTANT_CONVERSION = YES;
				CLANG_WARN_DEPRECATED_OBJC_IMPLEMENTATIONS = YES;
				CLANG_WARN_DIRECT_OBJC_ISA_USAGE = YES_ERROR;
				CLANG_WARN_DOCUMENTATION_COMMENTS = YES;
				CLANG_WARN_EMPTY_BODY = YES;
				CLANG_WARN_ENUM_CONVERSION = YES;
				CLANG_WARN_INFINITE_RECURSION = YES;
				CLANG_WARN_INT_CONVERSION = YES;
				CLANG_WARN_NON_LITERAL_NULL_CONVERSION = YES;
				CLANG_WARN_OBJC_IMPLICIT_RETAIN_SELF = YES;
				CLANG_WARN_OBJC_LITERAL_CONVERSION = YES;
				CLANG_WARN_OBJC_ROOT_CLASS = YES_ERROR;
				CLANG_WARN_RANGE_LOOP_ANALYSIS = YES;
				CLANG_WARN_STRICT_PROTOTYPES = YES;
				CLANG_WARN_SUSPICIOUS_MOVE = YES;
				CLANG_WARN_UNGUARDED_AVAILABILITY = YES_AGGRESSIVE;
				CLANG_WARN_UNREACHABLE_CODE = YES;
				CLANG_WARN__DUPLICATE_METHOD_MATCH = YES;
				COPY_PHASE_STRIP = NO;
				DEBUG_INFORMATION_FORMAT = dwarf;
				ENABLE_STRICT_OBJC_MSGSEND = YES;
				ENABLE_TESTABILITY = YES;
				GCC_C_LANGUAGE_STANDARD = gnu11;
				GCC_DYNAMIC_NO_PIC = NO;
				GCC_NO_COMMON_BLOCKS = YES;
				GCC_OPTIMIZATION_LEVEL = 0;
				GCC_PREPROCESSOR_DEFINITIONS = (
					"DEBUG=1",
					"$(inherited)",
				);
				GCC_WARN_64_TO_32_BIT_CONVERSION = YES;
				GCC_WARN_ABOUT_RETURN_TYPE = YES_ERROR;
				GCC_WARN_UNDECLARED_SELECTOR = YES;
				GCC_WARN_UNINITIALIZED_AUTOS = YES_AGGRESSIVE;
				GCC_WARN_UNUSED_FUNCTION = YES;
				GCC_WARN_UNUSED_VARIABLE = YES;
				IPHONEOS_DEPLOYMENT_TARGET = 13.1;
				MTL_ENABLE_DEBUG_INFO = INCLUDE_SOURCE;
				MTL_FAST_MATH = YES;
				ONLY_ACTIVE_ARCH = YES;
				SDKROOT = iphoneos;
				SWIFT_ACTIVE_COMPILATION_CONDITIONS = DEBUG;
				SWIFT_OPTIMIZATION_LEVEL = "-Onone";
			};
			name = Debug;
		};
		6A4BC7EF235A7567006332DD /* Release */ = {
			isa = XCBuildConfiguration;
			buildSettings = {
				ALWAYS_SEARCH_USER_PATHS = NO;
				CLANG_ANALYZER_NONNULL = YES;
				CLANG_ANALYZER_NUMBER_OBJECT_CONVERSION = YES_AGGRESSIVE;
				CLANG_CXX_LANGUAGE_STANDARD = "gnu++14";
				CLANG_CXX_LIBRARY = "libc++";
				CLANG_ENABLE_MODULES = YES;
				CLANG_ENABLE_OBJC_ARC = YES;
				CLANG_ENABLE_OBJC_WEAK = YES;
				CLANG_WARN_BLOCK_CAPTURE_AUTORELEASING = YES;
				CLANG_WARN_BOOL_CONVERSION = YES;
				CLANG_WARN_COMMA = YES;
				CLANG_WARN_CONSTANT_CONVERSION = YES;
				CLANG_WARN_DEPRECATED_OBJC_IMPLEMENTATIONS = YES;
				CLANG_WARN_DIRECT_OBJC_ISA_USAGE = YES_ERROR;
				CLANG_WARN_DOCUMENTATION_COMMENTS = YES;
				CLANG_WARN_EMPTY_BODY = YES;
				CLANG_WARN_ENUM_CONVERSION = YES;
				CLANG_WARN_INFINITE_RECURSION = YES;
				CLANG_WARN_INT_CONVERSION = YES;
				CLANG_WARN_NON_LITERAL_NULL_CONVERSION = YES;
				CLANG_WARN_OBJC_IMPLICIT_RETAIN_SELF = YES;
				CLANG_WARN_OBJC_LITERAL_CONVERSION = YES;
				CLANG_WARN_OBJC_ROOT_CLASS = YES_ERROR;
				CLANG_WARN_RANGE_LOOP_ANALYSIS = YES;
				CLANG_WARN_STRICT_PROTOTYPES = YES;
				CLANG_WARN_SUSPICIOUS_MOVE = YES;
				CLANG_WARN_UNGUARDED_AVAILABILITY = YES_AGGRESSIVE;
				CLANG_WARN_UNREACHABLE_CODE = YES;
				CLANG_WARN__DUPLICATE_METHOD_MATCH = YES;
				COPY_PHASE_STRIP = NO;
				DEBUG_INFORMATION_FORMAT = "dwarf-with-dsym";
				ENABLE_NS_ASSERTIONS = NO;
				ENABLE_STRICT_OBJC_MSGSEND = YES;
				GCC_C_LANGUAGE_STANDARD = gnu11;
				GCC_NO_COMMON_BLOCKS = YES;
				GCC_WARN_64_TO_32_BIT_CONVERSION = YES;
				GCC_WARN_ABOUT_RETURN_TYPE = YES_ERROR;
				GCC_WARN_UNDECLARED_SELECTOR = YES;
				GCC_WARN_UNINITIALIZED_AUTOS = YES_AGGRESSIVE;
				GCC_WARN_UNUSED_FUNCTION = YES;
				GCC_WARN_UNUSED_VARIABLE = YES;
				IPHONEOS_DEPLOYMENT_TARGET = 13.1;
				MTL_ENABLE_DEBUG_INFO = NO;
				MTL_FAST_MATH = YES;
				SDKROOT = iphoneos;
				SWIFT_COMPILATION_MODE = wholemodule;
				SWIFT_OPTIMIZATION_LEVEL = "-O";
				VALIDATE_PRODUCT = YES;
			};
			name = Release;
		};
		6A4BC7F1235A7567006332DD /* Debug */ = {
			isa = XCBuildConfiguration;
			baseConfigurationReference = 7C4622C22A5A0ED679A983CF /* Pods-uEAT.debug.xcconfig */;
			buildSettings = {
				ASSETCATALOG_COMPILER_APPICON_NAME = AppIcon;
				CODE_SIGN_ENTITLEMENTS = uEAT/uEAT.entitlements;
				CODE_SIGN_IDENTITY = "Apple Development";
				CODE_SIGN_STYLE = Automatic;
				DEVELOPMENT_TEAM = LXVXS9V5X7;
				INFOPLIST_FILE = uEAT/Info.plist;
				IPHONEOS_DEPLOYMENT_TARGET = 13.0;
				LD_RUNPATH_SEARCH_PATHS = (
					"$(inherited)",
					"@executable_path/Frameworks",
				);
				PRODUCT_BUNDLE_IDENTIFIER = uEAT.CC.LLC.uEAT;
				PRODUCT_NAME = "$(TARGET_NAME)";
				PROVISIONING_PROFILE_SPECIFIER = "";
				SWIFT_VERSION = 5.0;
				TARGETED_DEVICE_FAMILY = 1;
			};
			name = Debug;
		};
		6A4BC7F2235A7567006332DD /* Release */ = {
			isa = XCBuildConfiguration;
			baseConfigurationReference = 379258CF85394AEA73995AB5 /* Pods-uEAT.release.xcconfig */;
			buildSettings = {
				ASSETCATALOG_COMPILER_APPICON_NAME = AppIcon;
				CODE_SIGN_ENTITLEMENTS = uEAT/uEAT.entitlements;
				CODE_SIGN_IDENTITY = "Apple Development";
				CODE_SIGN_STYLE = Automatic;
				DEVELOPMENT_TEAM = LXVXS9V5X7;
				INFOPLIST_FILE = uEAT/Info.plist;
				IPHONEOS_DEPLOYMENT_TARGET = 13.0;
				LD_RUNPATH_SEARCH_PATHS = (
					"$(inherited)",
					"@executable_path/Frameworks",
				);
				PRODUCT_BUNDLE_IDENTIFIER = uEAT.CC.LLC.uEAT;
				PRODUCT_NAME = "$(TARGET_NAME)";
				PROVISIONING_PROFILE_SPECIFIER = "";
				SWIFT_VERSION = 5.0;
				TARGETED_DEVICE_FAMILY = 1;
			};
			name = Release;
		};
		6A4BC7F4235A7567006332DD /* Debug */ = {
			isa = XCBuildConfiguration;
			baseConfigurationReference = 0D5BEF3324C786BEDB01705F /* Pods-uEATTests.debug.xcconfig */;
			buildSettings = {
				ALWAYS_EMBED_SWIFT_STANDARD_LIBRARIES = YES;
				BUNDLE_LOADER = "$(TEST_HOST)";
				CODE_SIGN_STYLE = Automatic;
				DEVELOPMENT_TEAM = LXVXS9V5X7;
				INFOPLIST_FILE = uEATTests/Info.plist;
				IPHONEOS_DEPLOYMENT_TARGET = 13.1;
				LD_RUNPATH_SEARCH_PATHS = (
					"$(inherited)",
					"@executable_path/Frameworks",
					"@loader_path/Frameworks",
				);
				PRODUCT_BUNDLE_IDENTIFIER = uEAT.CC.LLC.uEATTests;
				PRODUCT_NAME = "$(TARGET_NAME)";
				SWIFT_VERSION = 5.0;
				TARGETED_DEVICE_FAMILY = "1,2";
				TEST_HOST = "$(BUILT_PRODUCTS_DIR)/uEAT.app/uEAT";
			};
			name = Debug;
		};
		6A4BC7F5235A7567006332DD /* Release */ = {
			isa = XCBuildConfiguration;
			baseConfigurationReference = CB89B8FD9EB692F1002C23F3 /* Pods-uEATTests.release.xcconfig */;
			buildSettings = {
				ALWAYS_EMBED_SWIFT_STANDARD_LIBRARIES = YES;
				BUNDLE_LOADER = "$(TEST_HOST)";
				CODE_SIGN_STYLE = Automatic;
				DEVELOPMENT_TEAM = LXVXS9V5X7;
				INFOPLIST_FILE = uEATTests/Info.plist;
				IPHONEOS_DEPLOYMENT_TARGET = 13.1;
				LD_RUNPATH_SEARCH_PATHS = (
					"$(inherited)",
					"@executable_path/Frameworks",
					"@loader_path/Frameworks",
				);
				PRODUCT_BUNDLE_IDENTIFIER = uEAT.CC.LLC.uEATTests;
				PRODUCT_NAME = "$(TARGET_NAME)";
				SWIFT_VERSION = 5.0;
				TARGETED_DEVICE_FAMILY = "1,2";
				TEST_HOST = "$(BUILT_PRODUCTS_DIR)/uEAT.app/uEAT";
			};
			name = Release;
		};
		6A4BC7F7235A7567006332DD /* Debug */ = {
			isa = XCBuildConfiguration;
			baseConfigurationReference = 8EC96E0F663F4D91492CFDA7 /* Pods-uEAT-uEATUITests.debug.xcconfig */;
			buildSettings = {
				ALWAYS_EMBED_SWIFT_STANDARD_LIBRARIES = YES;
				CODE_SIGN_STYLE = Automatic;
				DEVELOPMENT_TEAM = LXVXS9V5X7;
				INFOPLIST_FILE = uEATUITests/Info.plist;
				LD_RUNPATH_SEARCH_PATHS = (
					"$(inherited)",
					"@executable_path/Frameworks",
					"@loader_path/Frameworks",
				);
				PRODUCT_BUNDLE_IDENTIFIER = uEAT.CC.LLC.uEATUITests;
				PRODUCT_NAME = "$(TARGET_NAME)";
				SWIFT_VERSION = 5.0;
				TARGETED_DEVICE_FAMILY = "1,2";
				TEST_TARGET_NAME = uEAT;
			};
			name = Debug;
		};
		6A4BC7F8235A7567006332DD /* Release */ = {
			isa = XCBuildConfiguration;
			baseConfigurationReference = 8D1368859026A11BC1D4FFEC /* Pods-uEAT-uEATUITests.release.xcconfig */;
			buildSettings = {
				ALWAYS_EMBED_SWIFT_STANDARD_LIBRARIES = YES;
				CODE_SIGN_STYLE = Automatic;
				DEVELOPMENT_TEAM = LXVXS9V5X7;
				INFOPLIST_FILE = uEATUITests/Info.plist;
				LD_RUNPATH_SEARCH_PATHS = (
					"$(inherited)",
					"@executable_path/Frameworks",
					"@loader_path/Frameworks",
				);
				PRODUCT_BUNDLE_IDENTIFIER = uEAT.CC.LLC.uEATUITests;
				PRODUCT_NAME = "$(TARGET_NAME)";
				SWIFT_VERSION = 5.0;
				TARGETED_DEVICE_FAMILY = "1,2";
				TEST_TARGET_NAME = uEAT;
			};
			name = Release;
		};
/* End XCBuildConfiguration section */

/* Begin XCConfigurationList section */
		6A4BC7C1235A7565006332DD /* Build configuration list for PBXProject "uEAT" */ = {
			isa = XCConfigurationList;
			buildConfigurations = (
				6A4BC7EE235A7567006332DD /* Debug */,
				6A4BC7EF235A7567006332DD /* Release */,
			);
			defaultConfigurationIsVisible = 0;
			defaultConfigurationName = Release;
		};
		6A4BC7F0235A7567006332DD /* Build configuration list for PBXNativeTarget "uEAT" */ = {
			isa = XCConfigurationList;
			buildConfigurations = (
				6A4BC7F1235A7567006332DD /* Debug */,
				6A4BC7F2235A7567006332DD /* Release */,
			);
			defaultConfigurationIsVisible = 0;
			defaultConfigurationName = Release;
		};
		6A4BC7F3235A7567006332DD /* Build configuration list for PBXNativeTarget "uEATTests" */ = {
			isa = XCConfigurationList;
			buildConfigurations = (
				6A4BC7F4235A7567006332DD /* Debug */,
				6A4BC7F5235A7567006332DD /* Release */,
			);
			defaultConfigurationIsVisible = 0;
			defaultConfigurationName = Release;
		};
		6A4BC7F6235A7567006332DD /* Build configuration list for PBXNativeTarget "uEATUITests" */ = {
			isa = XCConfigurationList;
			buildConfigurations = (
				6A4BC7F7235A7567006332DD /* Debug */,
				6A4BC7F8235A7567006332DD /* Release */,
			);
			defaultConfigurationIsVisible = 0;
			defaultConfigurationName = Release;
		};
/* End XCConfigurationList section */
	};
	rootObject = 6A4BC7BE235A7565006332DD /* Project object */;
}
