// !$*UTF8*$!
{
	archiveVersion = 1;
	classes = {
	};
	objectVersion = 51;
	objects = {

/* Begin PBXBuildFile section */
		055BA5CFCC1AB664AC8157A1 /* Pods_uEATTests.framework in Frameworks */ = {isa = PBXBuildFile; fileRef = D9BE1A4E86A50AEBC44B58BE /* Pods_uEATTests.framework */; };
		6A1D05B0235E58E000BEB5A2 /* PhoneVC.swift in Sources */ = {isa = PBXBuildFile; fileRef = 6A1D05AF235E58E000BEB5A2 /* PhoneVC.swift */; };
		6A1F6E58235E0A0B00EE750B /* GoogleService-Info.plist in Resources */ = {isa = PBXBuildFile; fileRef = 6A1F6E57235E0A0B00EE750B /* GoogleService-Info.plist */; };
		6A1F6E5B235E0B6A00EE750B /* avatarImgRendered.swift in Sources */ = {isa = PBXBuildFile; fileRef = 6A1F6E5A235E0B6A00EE750B /* avatarImgRendered.swift */; };
		6A1F6E5D235E0B7100EE750B /* borderAvatarView.swift in Sources */ = {isa = PBXBuildFile; fileRef = 6A1F6E5C235E0B7100EE750B /* borderAvatarView.swift */; };
		6A1F6E5F235E0B7500EE750B /* circleView.swift in Sources */ = {isa = PBXBuildFile; fileRef = 6A1F6E5E235E0B7500EE750B /* circleView.swift */; };
		6A1F6E61235E0B7900EE750B /* CommentTxtView.swift in Sources */ = {isa = PBXBuildFile; fileRef = 6A1F6E60235E0B7900EE750B /* CommentTxtView.swift */; };
		6A1F6E63235E0B7D00EE750B /* defaultCardView.swift in Sources */ = {isa = PBXBuildFile; fileRef = 6A1F6E62235E0B7D00EE750B /* defaultCardView.swift */; };
		6A1F6E65235E0B8100EE750B /* fancyBtn.swift in Sources */ = {isa = PBXBuildFile; fileRef = 6A1F6E64235E0B8100EE750B /* fancyBtn.swift */; };
		6A1F6E67235E0B8600EE750B /* modifiedChooseCarView.swift in Sources */ = {isa = PBXBuildFile; fileRef = 6A1F6E66235E0B8600EE750B /* modifiedChooseCarView.swift */; };
		6A1F6E69235E0B8A00EE750B /* ModifiedSearchBar.swift in Sources */ = {isa = PBXBuildFile; fileRef = 6A1F6E68235E0B8A00EE750B /* ModifiedSearchBar.swift */; };
		6A1F6E6B235E0B8D00EE750B /* modTxtField.swift in Sources */ = {isa = PBXBuildFile; fileRef = 6A1F6E6A235E0B8D00EE750B /* modTxtField.swift */; };
		6A1F6E6D235E0B9200EE750B /* ProfileView.swift in Sources */ = {isa = PBXBuildFile; fileRef = 6A1F6E6C235E0B9200EE750B /* ProfileView.swift */; };
		6A1F6E6F235E0B9600EE750B /* windowInfo.swift in Sources */ = {isa = PBXBuildFile; fileRef = 6A1F6E6E235E0B9600EE750B /* windowInfo.swift */; };
		6A1F6E72235E0BAA00EE750B /* SwiftLoader.swift in Sources */ = {isa = PBXBuildFile; fileRef = 6A1F6E71235E0BAA00EE750B /* SwiftLoader.swift */; };
		6A1F6E75235E0BCE00EE750B /* Constant.swift in Sources */ = {isa = PBXBuildFile; fileRef = 6A1F6E74235E0BCD00EE750B /* Constant.swift */; };
		6A4BC7CA235A7565006332DD /* AppDelegate.swift in Sources */ = {isa = PBXBuildFile; fileRef = 6A4BC7C9235A7565006332DD /* AppDelegate.swift */; };
		6A4BC7CC235A7565006332DD /* SceneDelegate.swift in Sources */ = {isa = PBXBuildFile; fileRef = 6A4BC7CB235A7565006332DD /* SceneDelegate.swift */; };
		6A4BC7CE235A7565006332DD /* StartVC.swift in Sources */ = {isa = PBXBuildFile; fileRef = 6A4BC7CD235A7565006332DD /* StartVC.swift */; };
		6A4BC7D1235A7565006332DD /* Main.storyboard in Resources */ = {isa = PBXBuildFile; fileRef = 6A4BC7CF235A7565006332DD /* Main.storyboard */; };
		6A4BC7D3235A7566006332DD /* Assets.xcassets in Resources */ = {isa = PBXBuildFile; fileRef = 6A4BC7D2235A7566006332DD /* Assets.xcassets */; };
		6A4BC7D6235A7566006332DD /* LaunchScreen.storyboard in Resources */ = {isa = PBXBuildFile; fileRef = 6A4BC7D4235A7566006332DD /* LaunchScreen.storyboard */; };
		6A4BC7E1235A7567006332DD /* uEATTests.swift in Sources */ = {isa = PBXBuildFile; fileRef = 6A4BC7E0235A7567006332DD /* uEATTests.swift */; };
		6A4BC7EC235A7567006332DD /* uEATUITests.swift in Sources */ = {isa = PBXBuildFile; fileRef = 6A4BC7EB235A7567006332DD /* uEATUITests.swift */; };
		9A1D6164E94BE6A656E1E935 /* Pods_uEAT_uEATUITests.framework in Frameworks */ = {isa = PBXBuildFile; fileRef = D00E99E0ADEE96A661ADA5A5 /* Pods_uEAT_uEATUITests.framework */; };
		F26764050E6EEEE193A5EB48 /* Pods_uEAT.framework in Frameworks */ = {isa = PBXBuildFile; fileRef = 834611320FE1A4F8FA28CCDC /* Pods_uEAT.framework */; };
/* End PBXBuildFile section */

/* Begin PBXContainerItemProxy section */
		6A4BC7DD235A7567006332DD /* PBXContainerItemProxy */ = {
			isa = PBXContainerItemProxy;
			containerPortal = 6A4BC7BE235A7565006332DD /* Project object */;
			proxyType = 1;
			remoteGlobalIDString = 6A4BC7C5235A7565006332DD;
			remoteInfo = uEAT;
		};
		6A4BC7E8235A7567006332DD /* PBXContainerItemProxy */ = {
			isa = PBXContainerItemProxy;
			containerPortal = 6A4BC7BE235A7565006332DD /* Project object */;
			proxyType = 1;
			remoteGlobalIDString = 6A4BC7C5235A7565006332DD;
			remoteInfo = uEAT;
		};
/* End PBXContainerItemProxy section */

/* Begin PBXFileReference section */
		0EFAA3FA37E74E71CFF5679E /* Pods-uEAT-uEATUITests.release.xcconfig */ = {isa = PBXFileReference; includeInIndex = 1; lastKnownFileType = text.xcconfig; name = "Pods-uEAT-uEATUITests.release.xcconfig"; path = "Target Support Files/Pods-uEAT-uEATUITests/Pods-uEAT-uEATUITests.release.xcconfig"; sourceTree = "<group>"; };
		25FCF34D98B6E2B71FBAAA6C /* Pods-uEAT.debug.xcconfig */ = {isa = PBXFileReference; includeInIndex = 1; lastKnownFileType = text.xcconfig; name = "Pods-uEAT.debug.xcconfig"; path = "Target Support Files/Pods-uEAT/Pods-uEAT.debug.xcconfig"; sourceTree = "<group>"; };
		3F6597D333681D2BCB619610 /* Pods-uEATTests.release.xcconfig */ = {isa = PBXFileReference; includeInIndex = 1; lastKnownFileType = text.xcconfig; name = "Pods-uEATTests.release.xcconfig"; path = "Target Support Files/Pods-uEATTests/Pods-uEATTests.release.xcconfig"; sourceTree = "<group>"; };
		6A1D05AF235E58E000BEB5A2 /* PhoneVC.swift */ = {isa = PBXFileReference; lastKnownFileType = sourcecode.swift; path = PhoneVC.swift; sourceTree = "<group>"; };
		6A1F6E57235E0A0B00EE750B /* GoogleService-Info.plist */ = {isa = PBXFileReference; fileEncoding = 4; lastKnownFileType = text.plist.xml; path = "GoogleService-Info.plist"; sourceTree = "<group>"; };
		6A1F6E5A235E0B6A00EE750B /* avatarImgRendered.swift */ = {isa = PBXFileReference; fileEncoding = 4; lastKnownFileType = sourcecode.swift; path = avatarImgRendered.swift; sourceTree = "<group>"; };
		6A1F6E5C235E0B7100EE750B /* borderAvatarView.swift */ = {isa = PBXFileReference; fileEncoding = 4; lastKnownFileType = sourcecode.swift; path = borderAvatarView.swift; sourceTree = "<group>"; };
		6A1F6E5E235E0B7500EE750B /* circleView.swift */ = {isa = PBXFileReference; fileEncoding = 4; lastKnownFileType = sourcecode.swift; path = circleView.swift; sourceTree = "<group>"; };
		6A1F6E60235E0B7900EE750B /* CommentTxtView.swift */ = {isa = PBXFileReference; fileEncoding = 4; lastKnownFileType = sourcecode.swift; path = CommentTxtView.swift; sourceTree = "<group>"; };
		6A1F6E62235E0B7D00EE750B /* defaultCardView.swift */ = {isa = PBXFileReference; fileEncoding = 4; lastKnownFileType = sourcecode.swift; path = defaultCardView.swift; sourceTree = "<group>"; };
		6A1F6E64235E0B8100EE750B /* fancyBtn.swift */ = {isa = PBXFileReference; fileEncoding = 4; lastKnownFileType = sourcecode.swift; path = fancyBtn.swift; sourceTree = "<group>"; };
		6A1F6E66235E0B8600EE750B /* modifiedChooseCarView.swift */ = {isa = PBXFileReference; fileEncoding = 4; lastKnownFileType = sourcecode.swift; path = modifiedChooseCarView.swift; sourceTree = "<group>"; };
		6A1F6E68235E0B8A00EE750B /* ModifiedSearchBar.swift */ = {isa = PBXFileReference; fileEncoding = 4; lastKnownFileType = sourcecode.swift; path = ModifiedSearchBar.swift; sourceTree = "<group>"; };
		6A1F6E6A235E0B8D00EE750B /* modTxtField.swift */ = {isa = PBXFileReference; fileEncoding = 4; lastKnownFileType = sourcecode.swift; path = modTxtField.swift; sourceTree = "<group>"; };
		6A1F6E6C235E0B9200EE750B /* ProfileView.swift */ = {isa = PBXFileReference; fileEncoding = 4; lastKnownFileType = sourcecode.swift; path = ProfileView.swift; sourceTree = "<group>"; };
		6A1F6E6E235E0B9600EE750B /* windowInfo.swift */ = {isa = PBXFileReference; fileEncoding = 4; lastKnownFileType = sourcecode.swift; path = windowInfo.swift; sourceTree = "<group>"; };
		6A1F6E71235E0BAA00EE750B /* SwiftLoader.swift */ = {isa = PBXFileReference; fileEncoding = 4; lastKnownFileType = sourcecode.swift; path = SwiftLoader.swift; sourceTree = "<group>"; };
		6A1F6E74235E0BCD00EE750B /* Constant.swift */ = {isa = PBXFileReference; fileEncoding = 4; lastKnownFileType = sourcecode.swift; path = Constant.swift; sourceTree = "<group>"; };
		6A4BC7C6235A7565006332DD /* uEAT.app */ = {isa = PBXFileReference; explicitFileType = wrapper.application; includeInIndex = 0; path = uEAT.app; sourceTree = BUILT_PRODUCTS_DIR; };
		6A4BC7C9235A7565006332DD /* AppDelegate.swift */ = {isa = PBXFileReference; lastKnownFileType = sourcecode.swift; path = AppDelegate.swift; sourceTree = "<group>"; };
		6A4BC7CB235A7565006332DD /* SceneDelegate.swift */ = {isa = PBXFileReference; lastKnownFileType = sourcecode.swift; path = SceneDelegate.swift; sourceTree = "<group>"; };
		6A4BC7CD235A7565006332DD /* StartVC.swift */ = {isa = PBXFileReference; lastKnownFileType = sourcecode.swift; path = StartVC.swift; sourceTree = "<group>"; };
		6A4BC7D0235A7565006332DD /* Base */ = {isa = PBXFileReference; lastKnownFileType = file.storyboard; name = Base; path = Base.lproj/Main.storyboard; sourceTree = "<group>"; };
		6A4BC7D2235A7566006332DD /* Assets.xcassets */ = {isa = PBXFileReference; lastKnownFileType = folder.assetcatalog; path = Assets.xcassets; sourceTree = "<group>"; };
		6A4BC7D5235A7566006332DD /* Base */ = {isa = PBXFileReference; lastKnownFileType = file.storyboard; name = Base; path = Base.lproj/LaunchScreen.storyboard; sourceTree = "<group>"; };
		6A4BC7D7235A7566006332DD /* Info.plist */ = {isa = PBXFileReference; lastKnownFileType = text.plist.xml; path = Info.plist; sourceTree = "<group>"; };
		6A4BC7DC235A7567006332DD /* uEATTests.xctest */ = {isa = PBXFileReference; explicitFileType = wrapper.cfbundle; includeInIndex = 0; path = uEATTests.xctest; sourceTree = BUILT_PRODUCTS_DIR; };
		6A4BC7E0235A7567006332DD /* uEATTests.swift */ = {isa = PBXFileReference; lastKnownFileType = sourcecode.swift; path = uEATTests.swift; sourceTree = "<group>"; };
		6A4BC7E2235A7567006332DD /* Info.plist */ = {isa = PBXFileReference; lastKnownFileType = text.plist.xml; path = Info.plist; sourceTree = "<group>"; };
		6A4BC7E7235A7567006332DD /* uEATUITests.xctest */ = {isa = PBXFileReference; explicitFileType = wrapper.cfbundle; includeInIndex = 0; path = uEATUITests.xctest; sourceTree = BUILT_PRODUCTS_DIR; };
		6A4BC7EB235A7567006332DD /* uEATUITests.swift */ = {isa = PBXFileReference; lastKnownFileType = sourcecode.swift; path = uEATUITests.swift; sourceTree = "<group>"; };
		6A4BC7ED235A7567006332DD /* Info.plist */ = {isa = PBXFileReference; lastKnownFileType = text.plist.xml; path = Info.plist; sourceTree = "<group>"; };
		7C31D3D79C9E1BCC66262572 /* Pods-uEATTests.debug.xcconfig */ = {isa = PBXFileReference; includeInIndex = 1; lastKnownFileType = text.xcconfig; name = "Pods-uEATTests.debug.xcconfig"; path = "Target Support Files/Pods-uEATTests/Pods-uEATTests.debug.xcconfig"; sourceTree = "<group>"; };
		834611320FE1A4F8FA28CCDC /* Pods_uEAT.framework */ = {isa = PBXFileReference; explicitFileType = wrapper.framework; includeInIndex = 0; path = Pods_uEAT.framework; sourceTree = BUILT_PRODUCTS_DIR; };
		C76214E738D0531C4DBF8F4E /* Pods-uEAT-uEATUITests.debug.xcconfig */ = {isa = PBXFileReference; includeInIndex = 1; lastKnownFileType = text.xcconfig; name = "Pods-uEAT-uEATUITests.debug.xcconfig"; path = "Target Support Files/Pods-uEAT-uEATUITests/Pods-uEAT-uEATUITests.debug.xcconfig"; sourceTree = "<group>"; };
		D00E99E0ADEE96A661ADA5A5 /* Pods_uEAT_uEATUITests.framework */ = {isa = PBXFileReference; explicitFileType = wrapper.framework; includeInIndex = 0; path = Pods_uEAT_uEATUITests.framework; sourceTree = BUILT_PRODUCTS_DIR; };
		D9BE1A4E86A50AEBC44B58BE /* Pods_uEATTests.framework */ = {isa = PBXFileReference; explicitFileType = wrapper.framework; includeInIndex = 0; path = Pods_uEATTests.framework; sourceTree = BUILT_PRODUCTS_DIR; };
		E7721BD58CE8B5B9022219D9 /* Pods-uEAT.release.xcconfig */ = {isa = PBXFileReference; includeInIndex = 1; lastKnownFileType = text.xcconfig; name = "Pods-uEAT.release.xcconfig"; path = "Target Support Files/Pods-uEAT/Pods-uEAT.release.xcconfig"; sourceTree = "<group>"; };
/* End PBXFileReference section */

/* Begin PBXFrameworksBuildPhase section */
		6A4BC7C3235A7565006332DD /* Frameworks */ = {
			isa = PBXFrameworksBuildPhase;
			buildActionMask = 2147483647;
			files = (
				F26764050E6EEEE193A5EB48 /* Pods_uEAT.framework in Frameworks */,
			);
			runOnlyForDeploymentPostprocessing = 0;
		};
		6A4BC7D9235A7567006332DD /* Frameworks */ = {
			isa = PBXFrameworksBuildPhase;
			buildActionMask = 2147483647;
			files = (
				055BA5CFCC1AB664AC8157A1 /* Pods_uEATTests.framework in Frameworks */,
			);
			runOnlyForDeploymentPostprocessing = 0;
		};
		6A4BC7E4235A7567006332DD /* Frameworks */ = {
			isa = PBXFrameworksBuildPhase;
			buildActionMask = 2147483647;
			files = (
				9A1D6164E94BE6A656E1E935 /* Pods_uEAT_uEATUITests.framework in Frameworks */,
			);
			runOnlyForDeploymentPostprocessing = 0;
		};
/* End PBXFrameworksBuildPhase section */

/* Begin PBXGroup section */
		4E93F472C2A80179C773DB81 /* Frameworks */ = {
			isa = PBXGroup;
			children = (
				834611320FE1A4F8FA28CCDC /* Pods_uEAT.framework */,
				D00E99E0ADEE96A661ADA5A5 /* Pods_uEAT_uEATUITests.framework */,
				D9BE1A4E86A50AEBC44B58BE /* Pods_uEATTests.framework */,
			);
			name = Frameworks;
			sourceTree = "<group>";
		};
		6A1D05AE235E58C000BEB5A2 /* Sign in process */ = {
			isa = PBXGroup;
			children = (
				6A4BC7CD235A7565006332DD /* StartVC.swift */,
				6A1D05AF235E58E000BEB5A2 /* PhoneVC.swift */,
			);
			path = "Sign in process";
			sourceTree = "<group>";
		};
		6A1F6E56235E09F900EE750B /* Google info */ = {
			isa = PBXGroup;
			children = (
				6A1F6E57235E0A0B00EE750B /* GoogleService-Info.plist */,
			);
			path = "Google info";
			sourceTree = "<group>";
		};
		6A1F6E59235E0B5100EE750B /* ModView */ = {
			isa = PBXGroup;
			children = (
				6A1F6E5E235E0B7500EE750B /* circleView.swift */,
				6A1F6E60235E0B7900EE750B /* CommentTxtView.swift */,
				6A1F6E6A235E0B8D00EE750B /* modTxtField.swift */,
				6A1F6E6C235E0B9200EE750B /* ProfileView.swift */,
				6A1F6E6E235E0B9600EE750B /* windowInfo.swift */,
				6A1F6E62235E0B7D00EE750B /* defaultCardView.swift */,
				6A1F6E68235E0B8A00EE750B /* ModifiedSearchBar.swift */,
				6A1F6E66235E0B8600EE750B /* modifiedChooseCarView.swift */,
				6A1F6E64235E0B8100EE750B /* fancyBtn.swift */,
				6A1F6E5C235E0B7100EE750B /* borderAvatarView.swift */,
				6A1F6E5A235E0B6A00EE750B /* avatarImgRendered.swift */,
			);
			path = ModView;
			sourceTree = "<group>";
		};
		6A1F6E70235E0B9D00EE750B /* SwifLoader */ = {
			isa = PBXGroup;
			children = (
				6A1F6E71235E0BAA00EE750B /* SwiftLoader.swift */,
			);
			path = SwifLoader;
			sourceTree = "<group>";
		};
		6A1F6E73235E0BC200EE750B /* Constant */ = {
			isa = PBXGroup;
			children = (
				6A1F6E74235E0BCD00EE750B /* Constant.swift */,
			);
			path = Constant;
			sourceTree = "<group>";
		};
		6A1FED23235E032500198533 /* Delegate */ = {
			isa = PBXGroup;
			children = (
				6A4BC7C9235A7565006332DD /* AppDelegate.swift */,
				6A4BC7CB235A7565006332DD /* SceneDelegate.swift */,
			);
			path = Delegate;
			sourceTree = "<group>";
		};
		6A4BC7BD235A7565006332DD = {
			isa = PBXGroup;
			children = (
				6A4BC7C8235A7565006332DD /* uEAT */,
				6A4BC7DF235A7567006332DD /* uEATTests */,
				6A4BC7EA235A7567006332DD /* uEATUITests */,
				6A4BC7C7235A7565006332DD /* Products */,
				9235C5B806CACF484A26B5F3 /* Pods */,
				4E93F472C2A80179C773DB81 /* Frameworks */,
			);
			sourceTree = "<group>";
		};
		6A4BC7C7235A7565006332DD /* Products */ = {
			isa = PBXGroup;
			children = (
				6A4BC7C6235A7565006332DD /* uEAT.app */,
				6A4BC7DC235A7567006332DD /* uEATTests.xctest */,
				6A4BC7E7235A7567006332DD /* uEATUITests.xctest */,
			);
			name = Products;
			sourceTree = "<group>";
		};
		6A4BC7C8235A7565006332DD /* uEAT */ = {
			isa = PBXGroup;
			children = (
				6A1D05AE235E58C000BEB5A2 /* Sign in process */,
				6A1F6E73235E0BC200EE750B /* Constant */,
				6A1F6E70235E0B9D00EE750B /* SwifLoader */,
				6A1F6E59235E0B5100EE750B /* ModView */,
				6A1F6E56235E09F900EE750B /* Google info */,
				6A1FED23235E032500198533 /* Delegate */,
				6A4BC7CF235A7565006332DD /* Main.storyboard */,
				6A4BC7D2235A7566006332DD /* Assets.xcassets */,
				6A4BC7D4235A7566006332DD /* LaunchScreen.storyboard */,
				6A4BC7D7235A7566006332DD /* Info.plist */,
			);
			path = uEAT;
			sourceTree = "<group>";
		};
		6A4BC7DF235A7567006332DD /* uEATTests */ = {
			isa = PBXGroup;
			children = (
				6A4BC7E0235A7567006332DD /* uEATTests.swift */,
				6A4BC7E2235A7567006332DD /* Info.plist */,
			);
			path = uEATTests;
			sourceTree = "<group>";
		};
		6A4BC7EA235A7567006332DD /* uEATUITests */ = {
			isa = PBXGroup;
			children = (
				6A4BC7EB235A7567006332DD /* uEATUITests.swift */,
				6A4BC7ED235A7567006332DD /* Info.plist */,
			);
			path = uEATUITests;
			sourceTree = "<group>";
		};
		9235C5B806CACF484A26B5F3 /* Pods */ = {
			isa = PBXGroup;
			children = (
				25FCF34D98B6E2B71FBAAA6C /* Pods-uEAT.debug.xcconfig */,
				E7721BD58CE8B5B9022219D9 /* Pods-uEAT.release.xcconfig */,
				C76214E738D0531C4DBF8F4E /* Pods-uEAT-uEATUITests.debug.xcconfig */,
				0EFAA3FA37E74E71CFF5679E /* Pods-uEAT-uEATUITests.release.xcconfig */,
				7C31D3D79C9E1BCC66262572 /* Pods-uEATTests.debug.xcconfig */,
				3F6597D333681D2BCB619610 /* Pods-uEATTests.release.xcconfig */,
			);
			path = Pods;
			sourceTree = "<group>";
		};
/* End PBXGroup section */

/* Begin PBXNativeTarget section */
		6A4BC7C5235A7565006332DD /* uEAT */ = {
			isa = PBXNativeTarget;
			buildConfigurationList = 6A4BC7F0235A7567006332DD /* Build configuration list for PBXNativeTarget "uEAT" */;
			buildPhases = (
				BB6B9567EB70D25220113DFE /* [CP] Check Pods Manifest.lock */,
				6A4BC7C2235A7565006332DD /* Sources */,
				6A4BC7C3235A7565006332DD /* Frameworks */,
				6A4BC7C4235A7565006332DD /* Resources */,
				31EC0B38D145809B1AD59F68 /* [CP] Embed Pods Frameworks */,
				B398DE0248243BFC98283862 /* [CP] Copy Pods Resources */,
			);
			buildRules = (
			);
			dependencies = (
			);
			name = uEAT;
			productName = uEAT;
			productReference = 6A4BC7C6235A7565006332DD /* uEAT.app */;
			productType = "com.apple.product-type.application";
		};
		6A4BC7DB235A7567006332DD /* uEATTests */ = {
			isa = PBXNativeTarget;
			buildConfigurationList = 6A4BC7F3235A7567006332DD /* Build configuration list for PBXNativeTarget "uEATTests" */;
			buildPhases = (
				BD11FC417E7D0E0A2B2D811A /* [CP] Check Pods Manifest.lock */,
				6A4BC7D8235A7567006332DD /* Sources */,
				6A4BC7D9235A7567006332DD /* Frameworks */,
				6A4BC7DA235A7567006332DD /* Resources */,
			);
			buildRules = (
			);
			dependencies = (
				6A4BC7DE235A7567006332DD /* PBXTargetDependency */,
			);
			name = uEATTests;
			productName = uEATTests;
			productReference = 6A4BC7DC235A7567006332DD /* uEATTests.xctest */;
			productType = "com.apple.product-type.bundle.unit-test";
		};
		6A4BC7E6235A7567006332DD /* uEATUITests */ = {
			isa = PBXNativeTarget;
			buildConfigurationList = 6A4BC7F6235A7567006332DD /* Build configuration list for PBXNativeTarget "uEATUITests" */;
			buildPhases = (
				5CCF3E03D2307207BB7AB55E /* [CP] Check Pods Manifest.lock */,
				6A4BC7E3235A7567006332DD /* Sources */,
				6A4BC7E4235A7567006332DD /* Frameworks */,
				6A4BC7E5235A7567006332DD /* Resources */,
				7C092EB6DF1F3415E710D2D0 /* [CP] Embed Pods Frameworks */,
				F1FFD2E21BD5C27D9DFDC8BD /* [CP] Copy Pods Resources */,
			);
			buildRules = (
			);
			dependencies = (
				6A4BC7E9235A7567006332DD /* PBXTargetDependency */,
			);
			name = uEATUITests;
			productName = uEATUITests;
			productReference = 6A4BC7E7235A7567006332DD /* uEATUITests.xctest */;
			productType = "com.apple.product-type.bundle.ui-testing";
		};
/* End PBXNativeTarget section */

/* Begin PBXProject section */
		6A4BC7BE235A7565006332DD /* Project object */ = {
			isa = PBXProject;
			attributes = {
				LastSwiftUpdateCheck = 1110;
				LastUpgradeCheck = 1110;
				ORGANIZATIONNAME = "Khoi Nguyen";
				TargetAttributes = {
					6A4BC7C5235A7565006332DD = {
						CreatedOnToolsVersion = 11.1;
					};
					6A4BC7DB235A7567006332DD = {
						CreatedOnToolsVersion = 11.1;
						TestTargetID = 6A4BC7C5235A7565006332DD;
					};
					6A4BC7E6235A7567006332DD = {
						CreatedOnToolsVersion = 11.1;
						TestTargetID = 6A4BC7C5235A7565006332DD;
					};
				};
			};
			buildConfigurationList = 6A4BC7C1235A7565006332DD /* Build configuration list for PBXProject "uEAT" */;
			compatibilityVersion = "Xcode 9.3";
			developmentRegion = en;
			hasScannedForEncodings = 0;
			knownRegions = (
				en,
				Base,
			);
			mainGroup = 6A4BC7BD235A7565006332DD;
			productRefGroup = 6A4BC7C7235A7565006332DD /* Products */;
			projectDirPath = "";
			projectRoot = "";
			targets = (
				6A4BC7C5235A7565006332DD /* uEAT */,
				6A4BC7DB235A7567006332DD /* uEATTests */,
				6A4BC7E6235A7567006332DD /* uEATUITests */,
			);
		};
/* End PBXProject section */

/* Begin PBXResourcesBuildPhase section */
		6A4BC7C4235A7565006332DD /* Resources */ = {
			isa = PBXResourcesBuildPhase;
			buildActionMask = 2147483647;
			files = (
				6A1F6E58235E0A0B00EE750B /* GoogleService-Info.plist in Resources */,
				6A4BC7D6235A7566006332DD /* LaunchScreen.storyboard in Resources */,
				6A4BC7D3235A7566006332DD /* Assets.xcassets in Resources */,
				6A4BC7D1235A7565006332DD /* Main.storyboard in Resources */,
			);
			runOnlyForDeploymentPostprocessing = 0;
		};
		6A4BC7DA235A7567006332DD /* Resources */ = {
			isa = PBXResourcesBuildPhase;
			buildActionMask = 2147483647;
			files = (
			);
			runOnlyForDeploymentPostprocessing = 0;
		};
		6A4BC7E5235A7567006332DD /* Resources */ = {
			isa = PBXResourcesBuildPhase;
			buildActionMask = 2147483647;
			files = (
			);
			runOnlyForDeploymentPostprocessing = 0;
		};
/* End PBXResourcesBuildPhase section */

/* Begin PBXShellScriptBuildPhase section */
		31EC0B38D145809B1AD59F68 /* [CP] Embed Pods Frameworks */ = {
			isa = PBXShellScriptBuildPhase;
			buildActionMask = 2147483647;
			files = (
			);
			inputFileListPaths = (
				"${PODS_ROOT}/Target Support Files/Pods-uEAT/Pods-uEAT-frameworks-${CONFIGURATION}-input-files.xcfilelist",
			);
			name = "[CP] Embed Pods Frameworks";
			outputFileListPaths = (
				"${PODS_ROOT}/Target Support Files/Pods-uEAT/Pods-uEAT-frameworks-${CONFIGURATION}-output-files.xcfilelist",
			);
			runOnlyForDeploymentPostprocessing = 0;
			shellPath = /bin/sh;
			shellScript = "\"${PODS_ROOT}/Target Support Files/Pods-uEAT/Pods-uEAT-frameworks.sh\"\n";
			showEnvVarsInLog = 0;
		};
		5CCF3E03D2307207BB7AB55E /* [CP] Check Pods Manifest.lock */ = {
			isa = PBXShellScriptBuildPhase;
			buildActionMask = 2147483647;
			files = (
			);
			inputFileListPaths = (
			);
			inputPaths = (
				"${PODS_PODFILE_DIR_PATH}/Podfile.lock",
				"${PODS_ROOT}/Manifest.lock",
			);
			name = "[CP] Check Pods Manifest.lock";
			outputFileListPaths = (
			);
			outputPaths = (
				"$(DERIVED_FILE_DIR)/Pods-uEAT-uEATUITests-checkManifestLockResult.txt",
			);
			runOnlyForDeploymentPostprocessing = 0;
			shellPath = /bin/sh;
			shellScript = "diff \"${PODS_PODFILE_DIR_PATH}/Podfile.lock\" \"${PODS_ROOT}/Manifest.lock\" > /dev/null\nif [ $? != 0 ] ; then\n    # print error to STDERR\n    echo \"error: The sandbox is not in sync with the Podfile.lock. Run 'pod install' or update your CocoaPods installation.\" >&2\n    exit 1\nfi\n# This output is used by Xcode 'outputs' to avoid re-running this script phase.\necho \"SUCCESS\" > \"${SCRIPT_OUTPUT_FILE_0}\"\n";
			showEnvVarsInLog = 0;
		};
		7C092EB6DF1F3415E710D2D0 /* [CP] Embed Pods Frameworks */ = {
			isa = PBXShellScriptBuildPhase;
			buildActionMask = 2147483647;
			files = (
			);
			inputFileListPaths = (
				"${PODS_ROOT}/Target Support Files/Pods-uEAT-uEATUITests/Pods-uEAT-uEATUITests-frameworks-${CONFIGURATION}-input-files.xcfilelist",
			);
			name = "[CP] Embed Pods Frameworks";
			outputFileListPaths = (
				"${PODS_ROOT}/Target Support Files/Pods-uEAT-uEATUITests/Pods-uEAT-uEATUITests-frameworks-${CONFIGURATION}-output-files.xcfilelist",
			);
			runOnlyForDeploymentPostprocessing = 0;
			shellPath = /bin/sh;
			shellScript = "\"${PODS_ROOT}/Target Support Files/Pods-uEAT-uEATUITests/Pods-uEAT-uEATUITests-frameworks.sh\"\n";
			showEnvVarsInLog = 0;
		};
		B398DE0248243BFC98283862 /* [CP] Copy Pods Resources */ = {
			isa = PBXShellScriptBuildPhase;
			buildActionMask = 2147483647;
			files = (
			);
			inputFileListPaths = (
				"${PODS_ROOT}/Target Support Files/Pods-uEAT/Pods-uEAT-resources-${CONFIGURATION}-input-files.xcfilelist",
			);
			name = "[CP] Copy Pods Resources";
			outputFileListPaths = (
				"${PODS_ROOT}/Target Support Files/Pods-uEAT/Pods-uEAT-resources-${CONFIGURATION}-output-files.xcfilelist",
			);
			runOnlyForDeploymentPostprocessing = 0;
			shellPath = /bin/sh;
			shellScript = "\"${PODS_ROOT}/Target Support Files/Pods-uEAT/Pods-uEAT-resources.sh\"\n";
			showEnvVarsInLog = 0;
		};
		BB6B9567EB70D25220113DFE /* [CP] Check Pods Manifest.lock */ = {
			isa = PBXShellScriptBuildPhase;
			buildActionMask = 2147483647;
			files = (
			);
			inputFileListPaths = (
			);
			inputPaths = (
				"${PODS_PODFILE_DIR_PATH}/Podfile.lock",
				"${PODS_ROOT}/Manifest.lock",
			);
			name = "[CP] Check Pods Manifest.lock";
			outputFileListPaths = (
			);
			outputPaths = (
				"$(DERIVED_FILE_DIR)/Pods-uEAT-checkManifestLockResult.txt",
			);
			runOnlyForDeploymentPostprocessing = 0;
			shellPath = /bin/sh;
			shellScript = "diff \"${PODS_PODFILE_DIR_PATH}/Podfile.lock\" \"${PODS_ROOT}/Manifest.lock\" > /dev/null\nif [ $? != 0 ] ; then\n    # print error to STDERR\n    echo \"error: The sandbox is not in sync with the Podfile.lock. Run 'pod install' or update your CocoaPods installation.\" >&2\n    exit 1\nfi\n# This output is used by Xcode 'outputs' to avoid re-running this script phase.\necho \"SUCCESS\" > \"${SCRIPT_OUTPUT_FILE_0}\"\n";
			showEnvVarsInLog = 0;
		};
		BD11FC417E7D0E0A2B2D811A /* [CP] Check Pods Manifest.lock */ = {
			isa = PBXShellScriptBuildPhase;
			buildActionMask = 2147483647;
			files = (
			);
			inputFileListPaths = (
			);
			inputPaths = (
				"${PODS_PODFILE_DIR_PATH}/Podfile.lock",
				"${PODS_ROOT}/Manifest.lock",
			);
			name = "[CP] Check Pods Manifest.lock";
			outputFileListPaths = (
			);
			outputPaths = (
				"$(DERIVED_FILE_DIR)/Pods-uEATTests-checkManifestLockResult.txt",
			);
			runOnlyForDeploymentPostprocessing = 0;
			shellPath = /bin/sh;
			shellScript = "diff \"${PODS_PODFILE_DIR_PATH}/Podfile.lock\" \"${PODS_ROOT}/Manifest.lock\" > /dev/null\nif [ $? != 0 ] ; then\n    # print error to STDERR\n    echo \"error: The sandbox is not in sync with the Podfile.lock. Run 'pod install' or update your CocoaPods installation.\" >&2\n    exit 1\nfi\n# This output is used by Xcode 'outputs' to avoid re-running this script phase.\necho \"SUCCESS\" > \"${SCRIPT_OUTPUT_FILE_0}\"\n";
			showEnvVarsInLog = 0;
		};
		F1FFD2E21BD5C27D9DFDC8BD /* [CP] Copy Pods Resources */ = {
			isa = PBXShellScriptBuildPhase;
			buildActionMask = 2147483647;
			files = (
			);
			inputFileListPaths = (
				"${PODS_ROOT}/Target Support Files/Pods-uEAT-uEATUITests/Pods-uEAT-uEATUITests-resources-${CONFIGURATION}-input-files.xcfilelist",
			);
			name = "[CP] Copy Pods Resources";
			outputFileListPaths = (
				"${PODS_ROOT}/Target Support Files/Pods-uEAT-uEATUITests/Pods-uEAT-uEATUITests-resources-${CONFIGURATION}-output-files.xcfilelist",
			);
			runOnlyForDeploymentPostprocessing = 0;
			shellPath = /bin/sh;
			shellScript = "\"${PODS_ROOT}/Target Support Files/Pods-uEAT-uEATUITests/Pods-uEAT-uEATUITests-resources.sh\"\n";
			showEnvVarsInLog = 0;
		};
/* End PBXShellScriptBuildPhase section */

/* Begin PBXSourcesBuildPhase section */
		6A4BC7C2235A7565006332DD /* Sources */ = {
			isa = PBXSourcesBuildPhase;
			buildActionMask = 2147483647;
			files = (
				6A1F6E6B235E0B8D00EE750B /* modTxtField.swift in Sources */,
				6A1F6E6D235E0B9200EE750B /* ProfileView.swift in Sources */,
				6A1F6E5D235E0B7100EE750B /* borderAvatarView.swift in Sources */,
				6A1F6E75235E0BCE00EE750B /* Constant.swift in Sources */,
				6A1F6E72235E0BAA00EE750B /* SwiftLoader.swift in Sources */,
				6A4BC7CE235A7565006332DD /* StartVC.swift in Sources */,
				6A1D05B0235E58E000BEB5A2 /* PhoneVC.swift in Sources */,
				6A1F6E63235E0B7D00EE750B /* defaultCardView.swift in Sources */,
				6A4BC7CA235A7565006332DD /* AppDelegate.swift in Sources */,
				6A1F6E69235E0B8A00EE750B /* ModifiedSearchBar.swift in Sources */,
				6A4BC7CC235A7565006332DD /* SceneDelegate.swift in Sources */,
				6A1F6E65235E0B8100EE750B /* fancyBtn.swift in Sources */,
				6A1F6E6F235E0B9600EE750B /* windowInfo.swift in Sources */,
				6A1F6E5F235E0B7500EE750B /* circleView.swift in Sources */,
				6A1F6E67235E0B8600EE750B /* modifiedChooseCarView.swift in Sources */,
				6A1F6E61235E0B7900EE750B /* CommentTxtView.swift in Sources */,
				6A1F6E5B235E0B6A00EE750B /* avatarImgRendered.swift in Sources */,
			);
			runOnlyForDeploymentPostprocessing = 0;
		};
		6A4BC7D8235A7567006332DD /* Sources */ = {
			isa = PBXSourcesBuildPhase;
			buildActionMask = 2147483647;
			files = (
				6A4BC7E1235A7567006332DD /* uEATTests.swift in Sources */,
			);
			runOnlyForDeploymentPostprocessing = 0;
		};
		6A4BC7E3235A7567006332DD /* Sources */ = {
			isa = PBXSourcesBuildPhase;
			buildActionMask = 2147483647;
			files = (
				6A4BC7EC235A7567006332DD /* uEATUITests.swift in Sources */,
			);
			runOnlyForDeploymentPostprocessing = 0;
		};
/* End PBXSourcesBuildPhase section */

/* Begin PBXTargetDependency section */
		6A4BC7DE235A7567006332DD /* PBXTargetDependency */ = {
			isa = PBXTargetDependency;
			target = 6A4BC7C5235A7565006332DD /* uEAT */;
			targetProxy = 6A4BC7DD235A7567006332DD /* PBXContainerItemProxy */;
		};
		6A4BC7E9235A7567006332DD /* PBXTargetDependency */ = {
			isa = PBXTargetDependency;
			target = 6A4BC7C5235A7565006332DD /* uEAT */;
			targetProxy = 6A4BC7E8235A7567006332DD /* PBXContainerItemProxy */;
		};
/* End PBXTargetDependency section */

/* Begin PBXVariantGroup section */
		6A4BC7CF235A7565006332DD /* Main.storyboard */ = {
			isa = PBXVariantGroup;
			children = (
				6A4BC7D0235A7565006332DD /* Base */,
			);
			name = Main.storyboard;
			sourceTree = "<group>";
		};
		6A4BC7D4235A7566006332DD /* LaunchScreen.storyboard */ = {
			isa = PBXVariantGroup;
			children = (
				6A4BC7D5235A7566006332DD /* Base */,
			);
			name = LaunchScreen.storyboard;
			sourceTree = "<group>";
		};
/* End PBXVariantGroup section */

/* Begin XCBuildConfiguration section */
		6A4BC7EE235A7567006332DD /* Debug */ = {
			isa = XCBuildConfiguration;
			buildSettings = {
				ALWAYS_SEARCH_USER_PATHS = NO;
				CLANG_ANALYZER_NONNULL = YES;
				CLANG_ANALYZER_NUMBER_OBJECT_CONVERSION = YES_AGGRESSIVE;
				CLANG_CXX_LANGUAGE_STANDARD = "gnu++14";
				CLANG_CXX_LIBRARY = "libc++";
				CLANG_ENABLE_MODULES = YES;
				CLANG_ENABLE_OBJC_ARC = YES;
				CLANG_ENABLE_OBJC_WEAK = YES;
				CLANG_WARN_BLOCK_CAPTURE_AUTORELEASING = YES;
				CLANG_WARN_BOOL_CONVERSION = YES;
				CLANG_WARN_COMMA = YES;
				CLANG_WARN_CONSTANT_CONVERSION = YES;
				CLANG_WARN_DEPRECATED_OBJC_IMPLEMENTATIONS = YES;
				CLANG_WARN_DIRECT_OBJC_ISA_USAGE = YES_ERROR;
				CLANG_WARN_DOCUMENTATION_COMMENTS = YES;
				CLANG_WARN_EMPTY_BODY = YES;
				CLANG_WARN_ENUM_CONVERSION = YES;
				CLANG_WARN_INFINITE_RECURSION = YES;
				CLANG_WARN_INT_CONVERSION = YES;
				CLANG_WARN_NON_LITERAL_NULL_CONVERSION = YES;
				CLANG_WARN_OBJC_IMPLICIT_RETAIN_SELF = YES;
				CLANG_WARN_OBJC_LITERAL_CONVERSION = YES;
				CLANG_WARN_OBJC_ROOT_CLASS = YES_ERROR;
				CLANG_WARN_RANGE_LOOP_ANALYSIS = YES;
				CLANG_WARN_STRICT_PROTOTYPES = YES;
				CLANG_WARN_SUSPICIOUS_MOVE = YES;
				CLANG_WARN_UNGUARDED_AVAILABILITY = YES_AGGRESSIVE;
				CLANG_WARN_UNREACHABLE_CODE = YES;
				CLANG_WARN__DUPLICATE_METHOD_MATCH = YES;
				COPY_PHASE_STRIP = NO;
				DEBUG_INFORMATION_FORMAT = dwarf;
				ENABLE_STRICT_OBJC_MSGSEND = YES;
				ENABLE_TESTABILITY = YES;
				GCC_C_LANGUAGE_STANDARD = gnu11;
				GCC_DYNAMIC_NO_PIC = NO;
				GCC_NO_COMMON_BLOCKS = YES;
				GCC_OPTIMIZATION_LEVEL = 0;
				GCC_PREPROCESSOR_DEFINITIONS = (
					"DEBUG=1",
					"$(inherited)",
				);
				GCC_WARN_64_TO_32_BIT_CONVERSION = YES;
				GCC_WARN_ABOUT_RETURN_TYPE = YES_ERROR;
				GCC_WARN_UNDECLARED_SELECTOR = YES;
				GCC_WARN_UNINITIALIZED_AUTOS = YES_AGGRESSIVE;
				GCC_WARN_UNUSED_FUNCTION = YES;
				GCC_WARN_UNUSED_VARIABLE = YES;
				IPHONEOS_DEPLOYMENT_TARGET = 13.1;
				MTL_ENABLE_DEBUG_INFO = INCLUDE_SOURCE;
				MTL_FAST_MATH = YES;
				ONLY_ACTIVE_ARCH = YES;
				SDKROOT = iphoneos;
				SWIFT_ACTIVE_COMPILATION_CONDITIONS = DEBUG;
				SWIFT_OPTIMIZATION_LEVEL = "-Onone";
			};
			name = Debug;
		};
		6A4BC7EF235A7567006332DD /* Release */ = {
			isa = XCBuildConfiguration;
			buildSettings = {
				ALWAYS_SEARCH_USER_PATHS = NO;
				CLANG_ANALYZER_NONNULL = YES;
				CLANG_ANALYZER_NUMBER_OBJECT_CONVERSION = YES_AGGRESSIVE;
				CLANG_CXX_LANGUAGE_STANDARD = "gnu++14";
				CLANG_CXX_LIBRARY = "libc++";
				CLANG_ENABLE_MODULES = YES;
				CLANG_ENABLE_OBJC_ARC = YES;
				CLANG_ENABLE_OBJC_WEAK = YES;
				CLANG_WARN_BLOCK_CAPTURE_AUTORELEASING = YES;
				CLANG_WARN_BOOL_CONVERSION = YES;
				CLANG_WARN_COMMA = YES;
				CLANG_WARN_CONSTANT_CONVERSION = YES;
				CLANG_WARN_DEPRECATED_OBJC_IMPLEMENTATIONS = YES;
				CLANG_WARN_DIRECT_OBJC_ISA_USAGE = YES_ERROR;
				CLANG_WARN_DOCUMENTATION_COMMENTS = YES;
				CLANG_WARN_EMPTY_BODY = YES;
				CLANG_WARN_ENUM_CONVERSION = YES;
				CLANG_WARN_INFINITE_RECURSION = YES;
				CLANG_WARN_INT_CONVERSION = YES;
				CLANG_WARN_NON_LITERAL_NULL_CONVERSION = YES;
				CLANG_WARN_OBJC_IMPLICIT_RETAIN_SELF = YES;
				CLANG_WARN_OBJC_LITERAL_CONVERSION = YES;
				CLANG_WARN_OBJC_ROOT_CLASS = YES_ERROR;
				CLANG_WARN_RANGE_LOOP_ANALYSIS = YES;
				CLANG_WARN_STRICT_PROTOTYPES = YES;
				CLANG_WARN_SUSPICIOUS_MOVE = YES;
				CLANG_WARN_UNGUARDED_AVAILABILITY = YES_AGGRESSIVE;
				CLANG_WARN_UNREACHABLE_CODE = YES;
				CLANG_WARN__DUPLICATE_METHOD_MATCH = YES;
				COPY_PHASE_STRIP = NO;
				DEBUG_INFORMATION_FORMAT = "dwarf-with-dsym";
				ENABLE_NS_ASSERTIONS = NO;
				ENABLE_STRICT_OBJC_MSGSEND = YES;
				GCC_C_LANGUAGE_STANDARD = gnu11;
				GCC_NO_COMMON_BLOCKS = YES;
				GCC_WARN_64_TO_32_BIT_CONVERSION = YES;
				GCC_WARN_ABOUT_RETURN_TYPE = YES_ERROR;
				GCC_WARN_UNDECLARED_SELECTOR = YES;
				GCC_WARN_UNINITIALIZED_AUTOS = YES_AGGRESSIVE;
				GCC_WARN_UNUSED_FUNCTION = YES;
				GCC_WARN_UNUSED_VARIABLE = YES;
				IPHONEOS_DEPLOYMENT_TARGET = 13.1;
				MTL_ENABLE_DEBUG_INFO = NO;
				MTL_FAST_MATH = YES;
				SDKROOT = iphoneos;
				SWIFT_COMPILATION_MODE = wholemodule;
				SWIFT_OPTIMIZATION_LEVEL = "-O";
				VALIDATE_PRODUCT = YES;
			};
			name = Release;
		};
		6A4BC7F1235A7567006332DD /* Debug */ = {
			isa = XCBuildConfiguration;
			baseConfigurationReference = 25FCF34D98B6E2B71FBAAA6C /* Pods-uEAT.debug.xcconfig */;
			buildSettings = {
				ASSETCATALOG_COMPILER_APPICON_NAME = AppIcon;
				CODE_SIGN_STYLE = Automatic;
				DEVELOPMENT_TEAM = LXVXS9V5X7;
				INFOPLIST_FILE = uEAT/Info.plist;
				LD_RUNPATH_SEARCH_PATHS = (
					"$(inherited)",
					"@executable_path/Frameworks",
				);
				PRODUCT_BUNDLE_IDENTIFIER = uEAT.CC.LLC.uEAT;
				PRODUCT_NAME = "$(TARGET_NAME)";
				SWIFT_VERSION = 5.0;
				TARGETED_DEVICE_FAMILY = 1;
			};
			name = Debug;
		};
		6A4BC7F2235A7567006332DD /* Release */ = {
			isa = XCBuildConfiguration;
			baseConfigurationReference = E7721BD58CE8B5B9022219D9 /* Pods-uEAT.release.xcconfig */;
			buildSettings = {
				ASSETCATALOG_COMPILER_APPICON_NAME = AppIcon;
				CODE_SIGN_STYLE = Automatic;
				DEVELOPMENT_TEAM = LXVXS9V5X7;
				INFOPLIST_FILE = uEAT/Info.plist;
				LD_RUNPATH_SEARCH_PATHS = (
					"$(inherited)",
					"@executable_path/Frameworks",
				);
				PRODUCT_BUNDLE_IDENTIFIER = uEAT.CC.LLC.uEAT;
				PRODUCT_NAME = "$(TARGET_NAME)";
				SWIFT_VERSION = 5.0;
				TARGETED_DEVICE_FAMILY = 1;
			};
			name = Release;
		};
		6A4BC7F4235A7567006332DD /* Debug */ = {
			isa = XCBuildConfiguration;
			baseConfigurationReference = 7C31D3D79C9E1BCC66262572 /* Pods-uEATTests.debug.xcconfig */;
			buildSettings = {
				ALWAYS_EMBED_SWIFT_STANDARD_LIBRARIES = YES;
				BUNDLE_LOADER = "$(TEST_HOST)";
				CODE_SIGN_STYLE = Automatic;
				DEVELOPMENT_TEAM = LXVXS9V5X7;
				INFOPLIST_FILE = uEATTests/Info.plist;
				IPHONEOS_DEPLOYMENT_TARGET = 13.1;
				LD_RUNPATH_SEARCH_PATHS = (
					"$(inherited)",
					"@executable_path/Frameworks",
					"@loader_path/Frameworks",
				);
				PRODUCT_BUNDLE_IDENTIFIER = uEAT.CC.LLC.uEATTests;
				PRODUCT_NAME = "$(TARGET_NAME)";
				SWIFT_VERSION = 5.0;
				TARGETED_DEVICE_FAMILY = "1,2";
				TEST_HOST = "$(BUILT_PRODUCTS_DIR)/uEAT.app/uEAT";
			};
			name = Debug;
		};
		6A4BC7F5235A7567006332DD /* Release */ = {
			isa = XCBuildConfiguration;
			baseConfigurationReference = 3F6597D333681D2BCB619610 /* Pods-uEATTests.release.xcconfig */;
			buildSettings = {
				ALWAYS_EMBED_SWIFT_STANDARD_LIBRARIES = YES;
				BUNDLE_LOADER = "$(TEST_HOST)";
				CODE_SIGN_STYLE = Automatic;
				DEVELOPMENT_TEAM = LXVXS9V5X7;
				INFOPLIST_FILE = uEATTests/Info.plist;
				IPHONEOS_DEPLOYMENT_TARGET = 13.1;
				LD_RUNPATH_SEARCH_PATHS = (
					"$(inherited)",
					"@executable_path/Frameworks",
					"@loader_path/Frameworks",
				);
				PRODUCT_BUNDLE_IDENTIFIER = uEAT.CC.LLC.uEATTests;
				PRODUCT_NAME = "$(TARGET_NAME)";
				SWIFT_VERSION = 5.0;
				TARGETED_DEVICE_FAMILY = "1,2";
				TEST_HOST = "$(BUILT_PRODUCTS_DIR)/uEAT.app/uEAT";
			};
			name = Release;
		};
		6A4BC7F7235A7567006332DD /* Debug */ = {
			isa = XCBuildConfiguration;
			baseConfigurationReference = C76214E738D0531C4DBF8F4E /* Pods-uEAT-uEATUITests.debug.xcconfig */;
			buildSettings = {
				ALWAYS_EMBED_SWIFT_STANDARD_LIBRARIES = YES;
				CODE_SIGN_STYLE = Automatic;
				DEVELOPMENT_TEAM = LXVXS9V5X7;
				INFOPLIST_FILE = uEATUITests/Info.plist;
				LD_RUNPATH_SEARCH_PATHS = (
					"$(inherited)",
					"@executable_path/Frameworks",
					"@loader_path/Frameworks",
				);
				PRODUCT_BUNDLE_IDENTIFIER = uEAT.CC.LLC.uEATUITests;
				PRODUCT_NAME = "$(TARGET_NAME)";
				SWIFT_VERSION = 5.0;
				TARGETED_DEVICE_FAMILY = "1,2";
				TEST_TARGET_NAME = uEAT;
			};
			name = Debug;
		};
		6A4BC7F8235A7567006332DD /* Release */ = {
			isa = XCBuildConfiguration;
			baseConfigurationReference = 0EFAA3FA37E74E71CFF5679E /* Pods-uEAT-uEATUITests.release.xcconfig */;
			buildSettings = {
				ALWAYS_EMBED_SWIFT_STANDARD_LIBRARIES = YES;
				CODE_SIGN_STYLE = Automatic;
				DEVELOPMENT_TEAM = LXVXS9V5X7;
				INFOPLIST_FILE = uEATUITests/Info.plist;
				LD_RUNPATH_SEARCH_PATHS = (
					"$(inherited)",
					"@executable_path/Frameworks",
					"@loader_path/Frameworks",
				);
				PRODUCT_BUNDLE_IDENTIFIER = uEAT.CC.LLC.uEATUITests;
				PRODUCT_NAME = "$(TARGET_NAME)";
				SWIFT_VERSION = 5.0;
				TARGETED_DEVICE_FAMILY = "1,2";
				TEST_TARGET_NAME = uEAT;
			};
			name = Release;
		};
/* End XCBuildConfiguration section */

/* Begin XCConfigurationList section */
		6A4BC7C1235A7565006332DD /* Build configuration list for PBXProject "uEAT" */ = {
			isa = XCConfigurationList;
			buildConfigurations = (
				6A4BC7EE235A7567006332DD /* Debug */,
				6A4BC7EF235A7567006332DD /* Release */,
			);
			defaultConfigurationIsVisible = 0;
			defaultConfigurationName = Release;
		};
		6A4BC7F0235A7567006332DD /* Build configuration list for PBXNativeTarget "uEAT" */ = {
			isa = XCConfigurationList;
			buildConfigurations = (
				6A4BC7F1235A7567006332DD /* Debug */,
				6A4BC7F2235A7567006332DD /* Release */,
			);
			defaultConfigurationIsVisible = 0;
			defaultConfigurationName = Release;
		};
		6A4BC7F3235A7567006332DD /* Build configuration list for PBXNativeTarget "uEATTests" */ = {
			isa = XCConfigurationList;
			buildConfigurations = (
				6A4BC7F4235A7567006332DD /* Debug */,
				6A4BC7F5235A7567006332DD /* Release */,
			);
			defaultConfigurationIsVisible = 0;
			defaultConfigurationName = Release;
		};
		6A4BC7F6235A7567006332DD /* Build configuration list for PBXNativeTarget "uEATUITests" */ = {
			isa = XCConfigurationList;
			buildConfigurations = (
				6A4BC7F7235A7567006332DD /* Debug */,
				6A4BC7F8235A7567006332DD /* Release */,
			);
			defaultConfigurationIsVisible = 0;
			defaultConfigurationName = Release;
		};
/* End XCConfigurationList section */
	};
	rootObject = 6A4BC7BE235A7565006332DD /* Project object */;
}
